// !$*UTF8*$!
{
	archiveVersion = 1;
	classes = {
	};
	objectVersion = 77;
	objects = {

/* Begin PBXBuildFile section */
		00DE4614C618FC2A873DD7FF /* MacFeedbackPresenter.swift in Sources */ = {isa = PBXBuildFile; fileRef = 21EBE178B4D20AED497C380E /* MacFeedbackPresenter.swift */; };
		023362F4B7173F4218B8D128 /* KeyboardHandoff.swift in Sources */ = {isa = PBXBuildFile; fileRef = 38326DAFB38C97F2FF11D41B /* KeyboardHandoff.swift */; };
		0473F467D03D78330B7B0432 /* DictionaryEntry.swift in Sources */ = {isa = PBXBuildFile; fileRef = 6B46B0AD5BCBCB6851AAE2DC /* DictionaryEntry.swift */; };
		04A7C1C55D6A3448A20CEDEC /* FormattingExtensionsTests.swift in Sources */ = {isa = PBXBuildFile; fileRef = 0BFF1B48591E606188875EF7 /* FormattingExtensionsTests.swift */; };
		062F0A4ACE8294D820ABAA0D /* TemplatesView.swift in Sources */ = {isa = PBXBuildFile; fileRef = B890732A2E9F6A9C8361C2B2 /* TemplatesView.swift */; };
		0648566D2589D472F0413762 /* Assets.xcassets in Resources */ = {isa = PBXBuildFile; fileRef = CBCCE4CBCC64C9FC561BE96C /* Assets.xcassets */; };
		07E7D0A5CFA489DB1EBFA7D1 /* GlobalHotkeyManager.swift in Sources */ = {isa = PBXBuildFile; fileRef = B8DA59D4AB6880238B419BA0 /* GlobalHotkeyManager.swift */; };
		0AD043C3BB7E0B09A1667977 /* NoteListViewModelTests.swift in Sources */ = {isa = PBXBuildFile; fileRef = A722022C9E282A8840CA734E /* NoteListViewModelTests.swift */; };
		0B587A31DFB9C2203516E112 /* NoteRepository.swift in Sources */ = {isa = PBXBuildFile; fileRef = D04388B08F3A85CF017C8018 /* NoteRepository.swift */; };
		0B5921AC2A3160AAF042406A /* NoteListView.swift in Sources */ = {isa = PBXBuildFile; fileRef = 406D633D5C4879AF1E20107B /* NoteListView.swift */; };
		0F3402B7A31F2FBC8F90A113 /* AudioPlaybackService.swift in Sources */ = {isa = PBXBuildFile; fileRef = 17618C9F07139808472E6688 /* AudioPlaybackService.swift */; };
		107D5004793FF7D2587620AF /* OnDeviceLLMService.swift in Sources */ = {isa = PBXBuildFile; fileRef = C41C69644021D649EBA14B88 /* OnDeviceLLMService.swift */; };
		11DA807354F3130FCE674588 /* DictionaryCorrectorTests.swift in Sources */ = {isa = PBXBuildFile; fileRef = B4D8DB31CA5D5DAFA4A7FB0A /* DictionaryCorrectorTests.swift */; };
		12A0247B2F72CDDDB6B61ABF /* OverlayView.swift in Sources */ = {isa = PBXBuildFile; fileRef = 4564AD89AD5E44A1D2DBBA4A /* OverlayView.swift */; };
		12F7739BB4B4B4DEC309F902 /* DictionaryEntry.swift in Sources */ = {isa = PBXBuildFile; fileRef = 6B46B0AD5BCBCB6851AAE2DC /* DictionaryEntry.swift */; };
		15B55313D15D673F92B12C6B /* FormattingExtensions.swift in Sources */ = {isa = PBXBuildFile; fileRef = D0F20D0BCE0BE7D3E7E931A7 /* FormattingExtensions.swift */; };
		1619FD1E6146DC91861DAE7B /* ASRService.swift in Sources */ = {isa = PBXBuildFile; fileRef = CEAD3B4021131DA58668E5C9 /* ASRService.swift */; };
		17A21F6B7399E5413B80DF0E /* AudioConstants.swift in Sources */ = {isa = PBXBuildFile; fileRef = 988E0BDCC158250481339E11 /* AudioConstants.swift */; };
		1CF161E6CA0FC639CF42CE63 /* Qwen3-0.6B-4bit in Resources */ = {isa = PBXBuildFile; fileRef = E7C3731F89B9CAC7ECDD9D86 /* Qwen3-0.6B-4bit */; };
		1FF80FB30E19699991CE584B /* VoxbriefWatchWidgets.appex in Embed Foundation Extensions */ = {isa = PBXBuildFile; fileRef = 68B3FA6D53152C4F4D6ADBB9 /* VoxbriefWatchWidgets.appex */; settings = {ATTRIBUTES = (RemoveHeadersOnCopy, ); }; };
		20EF7A5682F5F8A870B2A9D0 /* AudioPlaybackService.swift in Sources */ = {isa = PBXBuildFile; fileRef = 17618C9F07139808472E6688 /* AudioPlaybackService.swift */; };
		2338B06275B314ABB2F489C3 /* OnboardingView.swift in Sources */ = {isa = PBXBuildFile; fileRef = 6A2146B25CD674831F950B98 /* OnboardingView.swift */; };
		2550CDDFC2FBAD0D6C9CE25E /* DictionaryEntryEditView.swift in Sources */ = {isa = PBXBuildFile; fileRef = DCD4292051768197FA3A125E /* DictionaryEntryEditView.swift */; };
		267A23EAAF919E87855480BA /* UpdateChecker.swift in Sources */ = {isa = PBXBuildFile; fileRef = 6EB9E3588235BEFC67D80649 /* UpdateChecker.swift */; };
		29A7E9237247703B7C122B19 /* WatchSyncServiceTests.swift in Sources */ = {isa = PBXBuildFile; fileRef = AF568BAA055854561F1C46D7 /* WatchSyncServiceTests.swift */; };
		2D4CF8A23ED4AE84CB00AE5B /* WatchSyncStatusView.swift in Sources */ = {isa = PBXBuildFile; fileRef = AE056827F75E2A918AABC197 /* WatchSyncStatusView.swift */; };
		2EE6397EB9199A3EFDFE3F97 /* MacAddRecordingSheet.swift in Sources */ = {isa = PBXBuildFile; fileRef = D9ABAAFC8C134B12CC78DDF2 /* MacAddRecordingSheet.swift */; };
		30E4F805542B50692A1BC813 /* FeedbackShortcut.swift in Sources */ = {isa = PBXBuildFile; fileRef = E94D52B1598816198564D875 /* FeedbackShortcut.swift */; };
		323928B1ACEEF960BF7791FA /* NoteCompletionNotifier.swift in Sources */ = {isa = PBXBuildFile; fileRef = 41B60172558E506D5CCB8962 /* NoteCompletionNotifier.swift */; };
		34A5560EA93CB6451772516B /* NoteProcessingPipelineTests.swift in Sources */ = {isa = PBXBuildFile; fileRef = 692D6EB7A748E001F15872BD /* NoteProcessingPipelineTests.swift */; };
		36FCFED4761E494C449A67EF /* SyncPayload.swift in Sources */ = {isa = PBXBuildFile; fileRef = 196C6F6CC1AAC7FF5E616A8D /* SyncPayload.swift */; };
		385DAF7EA122261732E3B57D /* NoteProcessingPipeline.swift in Sources */ = {isa = PBXBuildFile; fileRef = 1C1F160AB952E32457620BAC /* NoteProcessingPipeline.swift */; };
		3D9D0AA84E166AEA9A87B10D /* VoxbriefWidgets.appex in Embed Foundation Extensions */ = {isa = PBXBuildFile; fileRef = 2657ABEEE26CAC4BC36968D1 /* VoxbriefWidgets.appex */; settings = {ATTRIBUTES = (RemoveHeadersOnCopy, ); }; };
		41E4356939685BCA41DE71AA /* OverlayWindowController.swift in Sources */ = {isa = PBXBuildFile; fileRef = 6DCD76CBD9A8D9599353A83C /* OverlayWindowController.swift */; };
		4277699DD73B200D23E0FA2B /* ASRServiceHelpersTests.swift in Sources */ = {isa = PBXBuildFile; fileRef = A7E7A1ECFE8A61810E0AA7FB /* ASRServiceHelpersTests.swift */; };
		42B91CC41B6C79D2A68C0DE1 /* NoteRepository.swift in Sources */ = {isa = PBXBuildFile; fileRef = D04388B08F3A85CF017C8018 /* NoteRepository.swift */; };
		434B61EB575DCFD7CD63EBA6 /* Assets.xcassets in Resources */ = {isa = PBXBuildFile; fileRef = 653DA86C0171A62565403BC9 /* Assets.xcassets */; };
		47CBBC52F36344B462A01B3F /* NoteListViewModel.swift in Sources */ = {isa = PBXBuildFile; fileRef = 79425446C4B377940835B987 /* NoteListViewModel.swift */; };
		49148D29E3161E1F6859E6CD /* PlatformUI.swift in Sources */ = {isa = PBXBuildFile; fileRef = B1862EF9B360D46D07DCD314 /* PlatformUI.swift */; };
		4A2ABDE0C5875306300E17FB /* PersonalDictionaryStore.swift in Sources */ = {isa = PBXBuildFile; fileRef = 03F942BDF0E561E09CD54BC4 /* PersonalDictionaryStore.swift */; };
		4B056B84EC62B04E005A0F43 /* WatchNotesListView.swift in Sources */ = {isa = PBXBuildFile; fileRef = A37729BD151097071676D002 /* WatchNotesListView.swift */; };
		4BF2DE9581C4EB5E0BA69348 /* PersonalDictionaryStoreTests.swift in Sources */ = {isa = PBXBuildFile; fileRef = 97AB4E8DC194919B938B0739 /* PersonalDictionaryStoreTests.swift */; };
		4DBFA9233C26DDEB7049630D /* Qwen3-0.6B-4bit in Resources */ = {isa = PBXBuildFile; fileRef = E7C3731F89B9CAC7ECDD9D86 /* Qwen3-0.6B-4bit */; };
		4F7C18686C7D1DC467E52161 /* AudioRecordingService.swift in Sources */ = {isa = PBXBuildFile; fileRef = 6E37077EC9E2F16A4D7C2E54 /* AudioRecordingService.swift */; };
		51CC7CC68DBE2F229C298885 /* MLXLLM in Frameworks */ = {isa = PBXBuildFile; productRef = 5217B63305D7FA96D559DE40 /* MLXLLM */; };
		5208B51DEF855BC15E07468D /* WatchAudioRecorder.swift in Sources */ = {isa = PBXBuildFile; fileRef = 6BF494983C29E89D921ABACA /* WatchAudioRecorder.swift */; };
		55E5EF8D8F25F9CB2F004DF9 /* KeyboardView.swift in Sources */ = {isa = PBXBuildFile; fileRef = 479CB7D3F321802C49EF5564 /* KeyboardView.swift */; };
		56805164ECBD8AFC31789CD4 /* VoxbriefLogoView.swift in Sources */ = {isa = PBXBuildFile; fileRef = 23FBAB18CBFD15D8BCF11DFF /* VoxbriefLogoView.swift */; };
		57711FA260DA9B0BE7DA8F44 /* NoteListViewModel.swift in Sources */ = {isa = PBXBuildFile; fileRef = 79425446C4B377940835B987 /* NoteListViewModel.swift */; };
		579753AFFD8E2094702404DD /* NoteTemplate.swift in Sources */ = {isa = PBXBuildFile; fileRef = 4670A66832BC3EDB51D04C99 /* NoteTemplate.swift */; };
		585B76CB8C6C5E401F3001C3 /* PersonalDictionaryStore.swift in Sources */ = {isa = PBXBuildFile; fileRef = 03F942BDF0E561E09CD54BC4 /* PersonalDictionaryStore.swift */; };
		596D2A7698F542FB058A8317 /* KeyboardHandoff.swift in Sources */ = {isa = PBXBuildFile; fileRef = 38326DAFB38C97F2FF11D41B /* KeyboardHandoff.swift */; };
		5A9747356B47EEBC29B887B5 /* VoiceNote.swift in Sources */ = {isa = PBXBuildFile; fileRef = 17FEE0D93589E948738A6156 /* VoiceNote.swift */; };
		5A989A4109E4CAA2AF7A610B /* TemplateStore.swift in Sources */ = {isa = PBXBuildFile; fileRef = 560015483170C2C0F42ED686 /* TemplateStore.swift */; };
		5BB8B8634927112B555DB910 /* AudioFileManager.swift in Sources */ = {isa = PBXBuildFile; fileRef = 805582BA92BDC768F983C370 /* AudioFileManager.swift */; };
		5CE3791D4401A16E5051E00F /* VoiceNote.swift in Sources */ = {isa = PBXBuildFile; fileRef = 17FEE0D93589E948738A6156 /* VoiceNote.swift */; };
		5E5BDB04ACA4C9DA8D990692 /* SyncPayload.swift in Sources */ = {isa = PBXBuildFile; fileRef = 196C6F6CC1AAC7FF5E616A8D /* SyncPayload.swift */; };
		61F408C2E43D4E8D9B0D1C27 /* VoxbriefWatchWidgets.swift in Sources */ = {isa = PBXBuildFile; fileRef = 48925CE7621616AF282F7CAF /* VoxbriefWatchWidgets.swift */; };
		64449EC42EE8123A116A08EB /* TemplateEditView.swift in Sources */ = {isa = PBXBuildFile; fileRef = B14742A80B04804C7A613CF4 /* TemplateEditView.swift */; };
		67642845892E3B515B0D78D2 /* AudioConstants.swift in Sources */ = {isa = PBXBuildFile; fileRef = 988E0BDCC158250481339E11 /* AudioConstants.swift */; };
		691B6C26A9E7585D09DB058C /* LLMCopywriterServiceTests.swift in Sources */ = {isa = PBXBuildFile; fileRef = 4F9E58587D34FC957F4AE403 /* LLMCopywriterServiceTests.swift */; };
		6B525DE5AD2D8696C40BB67C /* FeedbackKit in Frameworks */ = {isa = PBXBuildFile; productRef = 6B9699D1165BEDA06BDDC1BA /* FeedbackKit */; };
		6EFD59944A2D0C5BE2124937 /* TemplateDetailView.swift in Sources */ = {isa = PBXBuildFile; fileRef = E8F69D56A035DF1728B39998 /* TemplateDetailView.swift */; };
		6FF5EDD32BA1B009FF22B000 /* MacAudioRecorderService.swift in Sources */ = {isa = PBXBuildFile; fileRef = FC779C7DEFBC23A48D6A366A /* MacAudioRecorderService.swift */; };
		71CB99209CAB27623629CD5C /* NoteProcessingPipeline.swift in Sources */ = {isa = PBXBuildFile; fileRef = 1C1F160AB952E32457620BAC /* NoteProcessingPipeline.swift */; };
		7524CA93D74217B1B6652CB9 /* NoteMergePickerSheet.swift in Sources */ = {isa = PBXBuildFile; fileRef = 43B54E6F4FF7B03C6D263908 /* NoteMergePickerSheet.swift */; };
		786A6E2CADE1460308135F30 /* KeyboardRecordSheet.swift in Sources */ = {isa = PBXBuildFile; fileRef = 670AD08FF352905287D03FB1 /* KeyboardRecordSheet.swift */; };
		7B601703CC60D67467A0BF51 /* PlatformUI.swift in Sources */ = {isa = PBXBuildFile; fileRef = B1862EF9B360D46D07DCD314 /* PlatformUI.swift */; };
		7B82D093883725D30E45366C /* WatchMainRecordView.swift in Sources */ = {isa = PBXBuildFile; fileRef = 31C3CF9D1D01A0040528A669 /* WatchMainRecordView.swift */; };
		7C84767C95B95014B9F8603F /* TemplateStore.swift in Sources */ = {isa = PBXBuildFile; fileRef = 560015483170C2C0F42ED686 /* TemplateStore.swift */; };
		7D5BFD35B7EED990ABD3D552 /* VoxbriefWatchApp.swift in Sources */ = {isa = PBXBuildFile; fileRef = B32C11C7D6037937A9F59B01 /* VoxbriefWatchApp.swift */; };
		7F41AF3BB8FD3A30117A83DA /* WatchSyncService.swift in Sources */ = {isa = PBXBuildFile; fileRef = 9B6F47AE17245B344D9D2391 /* WatchSyncService.swift */; };
		80650E05F1C3663BC7FE7915 /* TemplateDetailView.swift in Sources */ = {isa = PBXBuildFile; fileRef = E8F69D56A035DF1728B39998 /* TemplateDetailView.swift */; };
		811785C3AB29046CEE31D3F2 /* WhisperKit in Frameworks */ = {isa = PBXBuildFile; productRef = 229AFE98228CC08425BD323C /* WhisperKit */; };
		8190A14A3B9BBC9FEA1503DD /* NoteMergePickerSheet.swift in Sources */ = {isa = PBXBuildFile; fileRef = 43B54E6F4FF7B03C6D263908 /* NoteMergePickerSheet.swift */; };
		83F6880BB0A3B7957B94806A /* NoteTemplate.swift in Sources */ = {isa = PBXBuildFile; fileRef = 4670A66832BC3EDB51D04C99 /* NoteTemplate.swift */; };
		845CFE1177B9118D762C4B21 /* WatchStorage.swift in Sources */ = {isa = PBXBuildFile; fileRef = B10E24B4B7F2AE722E9E2DF9 /* WatchStorage.swift */; };
		84F9325B22C21FFC803309B0 /* CaptureWaveformView.swift in Sources */ = {isa = PBXBuildFile; fileRef = 214322359CF4DEE6753E172E /* CaptureWaveformView.swift */; };
		87478723C6F1041048676D05 /* ExtensionDelegate.swift in Sources */ = {isa = PBXBuildFile; fileRef = 5FD5F519993C6DB394849326 /* ExtensionDelegate.swift */; };
		8A33B8791FF0B81B31C2EB69 /* NoteRowView.swift in Sources */ = {isa = PBXBuildFile; fileRef = F47B06B91C0E08B3E8267051 /* NoteRowView.swift */; };
		8C3723A863D6F1B1E3BDDC93 /* FormattingExtensions.swift in Sources */ = {isa = PBXBuildFile; fileRef = D0F20D0BCE0BE7D3E7E931A7 /* FormattingExtensions.swift */; };
		8EFFC638DE223E39D228C688 /* MarkdownLiteText.swift in Sources */ = {isa = PBXBuildFile; fileRef = DDF370D074CADB2C25254782 /* MarkdownLiteText.swift */; };
		9122BA49C3A6CF15D321FC14 /* PersonalDictionaryView.swift in Sources */ = {isa = PBXBuildFile; fileRef = ACC7690F2E9CCCD9AC1D86CF /* PersonalDictionaryView.swift */; };
		9351DBB440E3CFFF52B84AEC /* TemplatesView.swift in Sources */ = {isa = PBXBuildFile; fileRef = B890732A2E9F6A9C8361C2B2 /* TemplatesView.swift */; };
		936364B94D1E1E7839A01DC9 /* VoxbriefApp.swift in Sources */ = {isa = PBXBuildFile; fileRef = 2887D77F3766E9B5992BF4CD /* VoxbriefApp.swift */; };
		945E814C8C7BD00FFAE02B83 /* AudioFileManager.swift in Sources */ = {isa = PBXBuildFile; fileRef = 805582BA92BDC768F983C370 /* AudioFileManager.swift */; };
		97423C8D59C66715E3817F3A /* LLMCopywriterService.swift in Sources */ = {isa = PBXBuildFile; fileRef = AD147AE1BD15A3E6E9E9EA8C /* LLMCopywriterService.swift */; };
		99AA4206F5D1BA2FF4C6DD3D /* Assets.xcassets in Resources */ = {isa = PBXBuildFile; fileRef = 251979C32C445301C3EDD38D /* Assets.xcassets */; };
		99C50F6E5DA466503D6155E0 /* SettingsView.swift in Sources */ = {isa = PBXBuildFile; fileRef = 015D2CED079AC4D35BFD7889 /* SettingsView.swift */; };
		9B57A74F93E88D5B0C0714C9 /* NoteTemplate.swift in Sources */ = {isa = PBXBuildFile; fileRef = 4670A66832BC3EDB51D04C99 /* NoteTemplate.swift */; };
		9C867C1A7E73EB35DDFDB8FC /* VoxbriefLiveActivity.swift in Sources */ = {isa = PBXBuildFile; fileRef = 4C7490BC66ADC2FB729D084B /* VoxbriefLiveActivity.swift */; };
		9D9217FE131009665D20487F /* DictionaryCorrector.swift in Sources */ = {isa = PBXBuildFile; fileRef = 61F11F8A2D3B21ECC69ECA27 /* DictionaryCorrector.swift */; };
		9FDF6E8ED886E932926D1504 /* VoiceNoteActivityAttributes.swift in Sources */ = {isa = PBXBuildFile; fileRef = 46B6B4EE56273273351A6104 /* VoiceNoteActivityAttributes.swift */; };
		A155FBBE8E8FF88CE47060DE /* NoteRowView.swift in Sources */ = {isa = PBXBuildFile; fileRef = F47B06B91C0E08B3E8267051 /* NoteRowView.swift */; };
		A2DC25FC3CC4733F84BD302E /* MLXLMCommon in Frameworks */ = {isa = PBXBuildFile; productRef = FE66E50CF58B0A68756AB6D7 /* MLXLMCommon */; };
		A4084D5D0EE82481B4728AC5 /* KeyboardHandoffTests.swift in Sources */ = {isa = PBXBuildFile; fileRef = D52BAB96F04983304C68D2E5 /* KeyboardHandoffTests.swift */; };
		A43DE437BF1B5614D5BAB5E7 /* NoteDetailView.swift in Sources */ = {isa = PBXBuildFile; fileRef = AB22B631A6BEF68F67B5C15A /* NoteDetailView.swift */; };
		A5813846512DB507166D26CC /* MLXLMCommon in Frameworks */ = {isa = PBXBuildFile; productRef = C6628A2DEF8598CD4850817D /* MLXLMCommon */; };
		A60CF0894662CF1C4B6E2ABD /* KeyboardViewController.swift in Sources */ = {isa = PBXBuildFile; fileRef = A94C1768854EC4735174DF30 /* KeyboardViewController.swift */; };
		A776179D6CD268994C97CE8B /* VoiceNote.swift in Sources */ = {isa = PBXBuildFile; fileRef = 17FEE0D93589E948738A6156 /* VoiceNote.swift */; };
		A808D4C88874D0E9F9B5E423 /* TemplateStoreTests.swift in Sources */ = {isa = PBXBuildFile; fileRef = AFAE3474C430320E937A5196 /* TemplateStoreTests.swift */; };
		A86C54BEF5F63D130A04800A /* FormattingExtensions.swift in Sources */ = {isa = PBXBuildFile; fileRef = D0F20D0BCE0BE7D3E7E931A7 /* FormattingExtensions.swift */; };
		AC516D74FDEFF94F2309199B /* DictionaryEntryEditView.swift in Sources */ = {isa = PBXBuildFile; fileRef = DCD4292051768197FA3A125E /* DictionaryEntryEditView.swift */; };
		B251DF3E962992EACB6E51B7 /* NoteTemplate.swift in Sources */ = {isa = PBXBuildFile; fileRef = 4670A66832BC3EDB51D04C99 /* NoteTemplate.swift */; };
		B31BAFA3116C01975E3C6AFC /* NoteRepositoryTests.swift in Sources */ = {isa = PBXBuildFile; fileRef = 9CBD578AD77C823CEBF8C5B8 /* NoteRepositoryTests.swift */; };
		B3D2E5CCE28D62709F3D12D5 /* WatchSyncService.swift in Sources */ = {isa = PBXBuildFile; fileRef = A5D2678B30255AFCCA761999 /* WatchSyncService.swift */; };
		B573595E0689A89D4E29A477 /* AudioConstants.swift in Sources */ = {isa = PBXBuildFile; fileRef = 988E0BDCC158250481339E11 /* AudioConstants.swift */; };
		B6905623D3E79C67D0815966 /* PreferencesView.swift in Sources */ = {isa = PBXBuildFile; fileRef = C8EE276FCE431704528A2B82 /* PreferencesView.swift */; };
		B6AC1161972BFA9EB301A4B9 /* OnDeviceLLMService.swift in Sources */ = {isa = PBXBuildFile; fileRef = C41C69644021D649EBA14B88 /* OnDeviceLLMService.swift */; };
		B767D9AF88EC26625026A42E /* NoteDetailViewModel.swift in Sources */ = {isa = PBXBuildFile; fileRef = 85FA4EC385ED9D0FC96F7955 /* NoteDetailViewModel.swift */; };
		B84E867E9F65474B0C93D3DF /* KeyboardHandoff.swift in Sources */ = {isa = PBXBuildFile; fileRef = 38326DAFB38C97F2FF11D41B /* KeyboardHandoff.swift */; };
		BACB2440A0244326CC36D058 /* VoxbriefWatch.app in Embed Watch Content */ = {isa = PBXBuildFile; fileRef = 959851115743BB9596288C80 /* VoxbriefWatch.app */; settings = {ATTRIBUTES = (RemoveHeadersOnCopy, ); }; };
		BAD2245B1C48E6D0BF8E10BB /* AccessibilityPermissionManager.swift in Sources */ = {isa = PBXBuildFile; fileRef = 14F96EF59E1D7F971D62EEE7 /* AccessibilityPermissionManager.swift */; };
		BC2CE7EB4558C82A86E19B14 /* LLMCopywriterService.swift in Sources */ = {isa = PBXBuildFile; fileRef = AD147AE1BD15A3E6E9E9EA8C /* LLMCopywriterService.swift */; };
		BD85B8FD65199388DF835C50 /* MicrophonePermissionManager.swift in Sources */ = {isa = PBXBuildFile; fileRef = 8D816BE4FBE91E1B52B14A93 /* MicrophonePermissionManager.swift */; };
		C4711C0DE2015BF180A7077A /* CaptureWaveformView.swift in Sources */ = {isa = PBXBuildFile; fileRef = 214322359CF4DEE6753E172E /* CaptureWaveformView.swift */; };
		C62F31CCF5357A78F21C47A5 /* KeyboardHandoff.swift in Sources */ = {isa = PBXBuildFile; fileRef = 38326DAFB38C97F2FF11D41B /* KeyboardHandoff.swift */; };
		C8ABA9BEC2112569C5505238 /* MLXLLM in Frameworks */ = {isa = PBXBuildFile; productRef = F12B540EED6866922E9E23CF /* MLXLLM */; };
		C9CF200D94495FFBAEA7FA37 /* AudioConstants.swift in Sources */ = {isa = PBXBuildFile; fileRef = 988E0BDCC158250481339E11 /* AudioConstants.swift */; };
		CB36FED367B66F0719E37778 /* VoxbriefMacApp.swift in Sources */ = {isa = PBXBuildFile; fileRef = F61EA36A51AF152AC8E9882D /* VoxbriefMacApp.swift */; };
		CC8A8294AA9C21B91FA4CB8C /* KeyboardSetupStatus.swift in Sources */ = {isa = PBXBuildFile; fileRef = 8C774501050A357DEB4FA1AA /* KeyboardSetupStatus.swift */; };
		CDFA9F1211A2F2E5993DD218 /* CaptureCoordinator.swift in Sources */ = {isa = PBXBuildFile; fileRef = 917D0366004B01DE5CC2CEA7 /* CaptureCoordinator.swift */; };
		CF522D7A437072483BE0EF9A /* VoiceNoteActivityAttributes.swift in Sources */ = {isa = PBXBuildFile; fileRef = 46B6B4EE56273273351A6104 /* VoiceNoteActivityAttributes.swift */; };
		D0D4AF5513324D94E0624D1C /* TemplateEditView.swift in Sources */ = {isa = PBXBuildFile; fileRef = B14742A80B04804C7A613CF4 /* TemplateEditView.swift */; };
		D2192BBB74F331C695132976 /* ASRService.swift in Sources */ = {isa = PBXBuildFile; fileRef = CEAD3B4021131DA58668E5C9 /* ASRService.swift */; };
		D2D11004C7EE1405DA03C708 /* MarkdownLiteText.swift in Sources */ = {isa = PBXBuildFile; fileRef = DDF370D074CADB2C25254782 /* MarkdownLiteText.swift */; };
		D564B3C8474F757F4DD291D3 /* SyncPayload.swift in Sources */ = {isa = PBXBuildFile; fileRef = 196C6F6CC1AAC7FF5E616A8D /* SyncPayload.swift */; };
		D7A10B5FEDFBABA164E6386D /* FeedbackShortcutStore.swift in Sources */ = {isa = PBXBuildFile; fileRef = A647E8F8AEC2253D09373C81 /* FeedbackShortcutStore.swift */; };
		D99F810CE255C259E1726018 /* LiveActivityManager.swift in Sources */ = {isa = PBXBuildFile; fileRef = DFEB07D6090DC24A5902E9AE /* LiveActivityManager.swift */; };
		DCDE66379E089E740318E929 /* CaptureWaveformView.swift in Sources */ = {isa = PBXBuildFile; fileRef = 214322359CF4DEE6753E172E /* CaptureWaveformView.swift */; };
		DE23A3F2D3F700A37D4AA4FC /* FormattingExtensions.swift in Sources */ = {isa = PBXBuildFile; fileRef = D0F20D0BCE0BE7D3E7E931A7 /* FormattingExtensions.swift */; };
		E20D02A281F31B8C69CE1682 /* VoxbriefKeyboard.appex in Embed Foundation Extensions */ = {isa = PBXBuildFile; fileRef = 16793BFCF0CAFCD8D5316281 /* VoxbriefKeyboard.appex */; settings = {ATTRIBUTES = (RemoveHeadersOnCopy, ); }; };
		E23BCA997624918D6E0BA43C /* PersonalDictionaryView.swift in Sources */ = {isa = PBXBuildFile; fileRef = ACC7690F2E9CCCD9AC1D86CF /* PersonalDictionaryView.swift */; };
		E820F921C0CB44339F74C770 /* SyncPayload.swift in Sources */ = {isa = PBXBuildFile; fileRef = 196C6F6CC1AAC7FF5E616A8D /* SyncPayload.swift */; };
		E8496FC62FF5A7CE92419DEA /* PasteInjector.swift in Sources */ = {isa = PBXBuildFile; fileRef = 4769D6DA1245703C529EFE21 /* PasteInjector.swift */; };
		EAB97948647254097F03D47D /* RecordingCoordinator.swift in Sources */ = {isa = PBXBuildFile; fileRef = 57C43AFCEE906F715A993001 /* RecordingCoordinator.swift */; };
		EACCE41A539C3FB1E8B76E71 /* VoiceNoteActivityAttributes.swift in Sources */ = {isa = PBXBuildFile; fileRef = 46B6B4EE56273273351A6104 /* VoiceNoteActivityAttributes.swift */; };
		EB714002C57569EB559FA748 /* FeedbackShortcutTests.swift in Sources */ = {isa = PBXBuildFile; fileRef = 45BC8B9500EFFF14E2F325BD /* FeedbackShortcutTests.swift */; };
		EBE2CA78073932EF96C2F4D6 /* FeedbackKit in Frameworks */ = {isa = PBXBuildFile; productRef = C3592D6161DC5A9969A5B66F /* FeedbackKit */; };
		ECCD86C67706C6FB7641FDE3 /* DictionaryCorrector.swift in Sources */ = {isa = PBXBuildFile; fileRef = 61F11F8A2D3B21ECC69ECA27 /* DictionaryCorrector.swift */; };
		F39F847D156570E22EC28858 /* NoteDetailViewModel.swift in Sources */ = {isa = PBXBuildFile; fileRef = 85FA4EC385ED9D0FC96F7955 /* NoteDetailViewModel.swift */; };
		F5C9810D4553F163281C72F5 /* VoiceNote.swift in Sources */ = {isa = PBXBuildFile; fileRef = 17FEE0D93589E948738A6156 /* VoiceNote.swift */; };
		FA66D9682EE62937A5BDEEBB /* QuickRecordSheet.swift in Sources */ = {isa = PBXBuildFile; fileRef = 26D9161722A62F745EEBA731 /* QuickRecordSheet.swift */; };
		FA6CACB143D1EFD970F7F47B /* NotesBrowserView.swift in Sources */ = {isa = PBXBuildFile; fileRef = C68109B867643A9EC95BA83A /* NotesBrowserView.swift */; };
		FADF466CC1C50C89D346636D /* WhisperKit in Frameworks */ = {isa = PBXBuildFile; productRef = 2040CA9F4A672DFAAEAC0B47 /* WhisperKit */; };
		FC46BA9131E163CA0959E701 /* NoteDetailView.swift in Sources */ = {isa = PBXBuildFile; fileRef = AB22B631A6BEF68F67B5C15A /* NoteDetailView.swift */; };
/* End PBXBuildFile section */

/* Begin PBXContainerItemProxy section */
		4FCA05500E136E425D7AEA03 /* PBXContainerItemProxy */ = {
			isa = PBXContainerItemProxy;
			containerPortal = C7BA46F9711F1D39443D0410 /* Project object */;
			proxyType = 1;
			remoteGlobalIDString = 7CFB19EE60B3ECE261FD7585;
			remoteInfo = VoxbriefMac;
		};
		6508DD8E201F7173F55A5208 /* PBXContainerItemProxy */ = {
			isa = PBXContainerItemProxy;
			containerPortal = C7BA46F9711F1D39443D0410 /* Project object */;
			proxyType = 1;
			remoteGlobalIDString = E817BB0ABEC329AE291877EC;
			remoteInfo = VoxbriefWatchWidgets;
		};
		704E6E9E4A99C8A296411D61 /* PBXContainerItemProxy */ = {
			isa = PBXContainerItemProxy;
			containerPortal = C7BA46F9711F1D39443D0410 /* Project object */;
			proxyType = 1;
			remoteGlobalIDString = CC23F4EAFB9EE223EC6B90D7;
			remoteInfo = VoxbriefKeyboard;
		};
		A128B3EE4D0763CE36F47B6F /* PBXContainerItemProxy */ = {
			isa = PBXContainerItemProxy;
			containerPortal = C7BA46F9711F1D39443D0410 /* Project object */;
			proxyType = 1;
			remoteGlobalIDString = 37352116B16272A1D780DF2D;
			remoteInfo = Voxbrief;
		};
		DEAEAF11A45191D40415D7CA /* PBXContainerItemProxy */ = {
			isa = PBXContainerItemProxy;
			containerPortal = C7BA46F9711F1D39443D0410 /* Project object */;
			proxyType = 1;
			remoteGlobalIDString = E1776B3060ABFCE1C160CC43;
			remoteInfo = VoxbriefWidgets;
		};
		E2E7D8741B5B8D50EF059F3F /* PBXContainerItemProxy */ = {
			isa = PBXContainerItemProxy;
			containerPortal = C7BA46F9711F1D39443D0410 /* Project object */;
			proxyType = 1;
			remoteGlobalIDString = 98AF90C393567ADA1B2E4ADF;
			remoteInfo = VoxbriefWatch;
		};
/* End PBXContainerItemProxy section */

/* Begin PBXCopyFilesBuildPhase section */
		6ADC1E683AD0AAF4FC34C261 /* Embed Watch Content */ = {
			isa = PBXCopyFilesBuildPhase;
			buildActionMask = 2147483647;
			dstPath = "$(CONTENTS_FOLDER_PATH)/Watch";
			dstSubfolderSpec = 16;
			files = (
				BACB2440A0244326CC36D058 /* VoxbriefWatch.app in Embed Watch Content */,
			);
			name = "Embed Watch Content";
			runOnlyForDeploymentPostprocessing = 0;
		};
		9AF6141237E92BFCD95A590F /* Embed Foundation Extensions */ = {
			isa = PBXCopyFilesBuildPhase;
			buildActionMask = 2147483647;
			dstPath = "";
			dstSubfolderSpec = 13;
			files = (
				3D9D0AA84E166AEA9A87B10D /* VoxbriefWidgets.appex in Embed Foundation Extensions */,
				E20D02A281F31B8C69CE1682 /* VoxbriefKeyboard.appex in Embed Foundation Extensions */,
			);
			name = "Embed Foundation Extensions";
			runOnlyForDeploymentPostprocessing = 0;
		};
		AF2720D0779CD2E7B0C8256A /* Embed Foundation Extensions */ = {
			isa = PBXCopyFilesBuildPhase;
			buildActionMask = 2147483647;
			dstPath = "";
			dstSubfolderSpec = 13;
			files = (
				1FF80FB30E19699991CE584B /* VoxbriefWatchWidgets.appex in Embed Foundation Extensions */,
			);
			name = "Embed Foundation Extensions";
			runOnlyForDeploymentPostprocessing = 0;
		};
/* End PBXCopyFilesBuildPhase section */

/* Begin PBXFileReference section */
		015D2CED079AC4D35BFD7889 /* SettingsView.swift */ = {isa = PBXFileReference; lastKnownFileType = sourcecode.swift; path = SettingsView.swift; sourceTree = "<group>"; };
		03F942BDF0E561E09CD54BC4 /* PersonalDictionaryStore.swift */ = {isa = PBXFileReference; lastKnownFileType = sourcecode.swift; path = PersonalDictionaryStore.swift; sourceTree = "<group>"; };
		0BFF1B48591E606188875EF7 /* FormattingExtensionsTests.swift */ = {isa = PBXFileReference; lastKnownFileType = sourcecode.swift; path = FormattingExtensionsTests.swift; sourceTree = "<group>"; };
		14F96EF59E1D7F971D62EEE7 /* AccessibilityPermissionManager.swift */ = {isa = PBXFileReference; lastKnownFileType = sourcecode.swift; path = AccessibilityPermissionManager.swift; sourceTree = "<group>"; };
		16793BFCF0CAFCD8D5316281 /* VoxbriefKeyboard.appex */ = {isa = PBXFileReference; includeInIndex = 0; lastKnownFileType = "wrapper.app-extension"; path = VoxbriefKeyboard.appex; sourceTree = BUILT_PRODUCTS_DIR; };
		17618C9F07139808472E6688 /* AudioPlaybackService.swift */ = {isa = PBXFileReference; lastKnownFileType = sourcecode.swift; path = AudioPlaybackService.swift; sourceTree = "<group>"; };
		17FEE0D93589E948738A6156 /* VoiceNote.swift */ = {isa = PBXFileReference; lastKnownFileType = sourcecode.swift; path = VoiceNote.swift; sourceTree = "<group>"; };
		196C6F6CC1AAC7FF5E616A8D /* SyncPayload.swift */ = {isa = PBXFileReference; lastKnownFileType = sourcecode.swift; path = SyncPayload.swift; sourceTree = "<group>"; };
		1C1F160AB952E32457620BAC /* NoteProcessingPipeline.swift */ = {isa = PBXFileReference; lastKnownFileType = sourcecode.swift; path = NoteProcessingPipeline.swift; sourceTree = "<group>"; };
		214322359CF4DEE6753E172E /* CaptureWaveformView.swift */ = {isa = PBXFileReference; lastKnownFileType = sourcecode.swift; path = CaptureWaveformView.swift; sourceTree = "<group>"; };
		21EBE178B4D20AED497C380E /* MacFeedbackPresenter.swift */ = {isa = PBXFileReference; lastKnownFileType = sourcecode.swift; path = MacFeedbackPresenter.swift; sourceTree = "<group>"; };
		23FBAB18CBFD15D8BCF11DFF /* VoxbriefLogoView.swift */ = {isa = PBXFileReference; lastKnownFileType = sourcecode.swift; path = VoxbriefLogoView.swift; sourceTree = "<group>"; };
		251979C32C445301C3EDD38D /* Assets.xcassets */ = {isa = PBXFileReference; lastKnownFileType = folder.assetcatalog; path = Assets.xcassets; sourceTree = "<group>"; };
		2657ABEEE26CAC4BC36968D1 /* VoxbriefWidgets.appex */ = {isa = PBXFileReference; includeInIndex = 0; lastKnownFileType = "wrapper.app-extension"; path = VoxbriefWidgets.appex; sourceTree = BUILT_PRODUCTS_DIR; };
		26D9161722A62F745EEBA731 /* QuickRecordSheet.swift */ = {isa = PBXFileReference; lastKnownFileType = sourcecode.swift; path = QuickRecordSheet.swift; sourceTree = "<group>"; };
		2887D77F3766E9B5992BF4CD /* VoxbriefApp.swift */ = {isa = PBXFileReference; lastKnownFileType = sourcecode.swift; path = VoxbriefApp.swift; sourceTree = "<group>"; };
		31C3CF9D1D01A0040528A669 /* WatchMainRecordView.swift */ = {isa = PBXFileReference; lastKnownFileType = sourcecode.swift; path = WatchMainRecordView.swift; sourceTree = "<group>"; };
		38326DAFB38C97F2FF11D41B /* KeyboardHandoff.swift */ = {isa = PBXFileReference; lastKnownFileType = sourcecode.swift; path = KeyboardHandoff.swift; sourceTree = "<group>"; };
		406D633D5C4879AF1E20107B /* NoteListView.swift */ = {isa = PBXFileReference; lastKnownFileType = sourcecode.swift; path = NoteListView.swift; sourceTree = "<group>"; };
		41B60172558E506D5CCB8962 /* NoteCompletionNotifier.swift */ = {isa = PBXFileReference; lastKnownFileType = sourcecode.swift; path = NoteCompletionNotifier.swift; sourceTree = "<group>"; };
		43B54E6F4FF7B03C6D263908 /* NoteMergePickerSheet.swift */ = {isa = PBXFileReference; lastKnownFileType = sourcecode.swift; path = NoteMergePickerSheet.swift; sourceTree = "<group>"; };
		4564AD89AD5E44A1D2DBBA4A /* OverlayView.swift */ = {isa = PBXFileReference; lastKnownFileType = sourcecode.swift; path = OverlayView.swift; sourceTree = "<group>"; };
		45BC8B9500EFFF14E2F325BD /* FeedbackShortcutTests.swift */ = {isa = PBXFileReference; lastKnownFileType = sourcecode.swift; path = FeedbackShortcutTests.swift; sourceTree = "<group>"; };
		4670A66832BC3EDB51D04C99 /* NoteTemplate.swift */ = {isa = PBXFileReference; lastKnownFileType = sourcecode.swift; path = NoteTemplate.swift; sourceTree = "<group>"; };
		46B6B4EE56273273351A6104 /* VoiceNoteActivityAttributes.swift */ = {isa = PBXFileReference; lastKnownFileType = sourcecode.swift; path = VoiceNoteActivityAttributes.swift; sourceTree = "<group>"; };
		4769D6DA1245703C529EFE21 /* PasteInjector.swift */ = {isa = PBXFileReference; lastKnownFileType = sourcecode.swift; path = PasteInjector.swift; sourceTree = "<group>"; };
		479CB7D3F321802C49EF5564 /* KeyboardView.swift */ = {isa = PBXFileReference; lastKnownFileType = sourcecode.swift; path = KeyboardView.swift; sourceTree = "<group>"; };
		48925CE7621616AF282F7CAF /* VoxbriefWatchWidgets.swift */ = {isa = PBXFileReference; lastKnownFileType = sourcecode.swift; path = VoxbriefWatchWidgets.swift; sourceTree = "<group>"; };
		496BFAFDCF52A425981CEADC /* Info.plist */ = {isa = PBXFileReference; lastKnownFileType = text.plist; path = Info.plist; sourceTree = "<group>"; };
		4BF5A0AD3173094058B72D91 /* VoxbriefMac.app */ = {isa = PBXFileReference; explicitFileType = wrapper.application; includeInIndex = 0; path = VoxbriefMac.app; sourceTree = BUILT_PRODUCTS_DIR; };
		4C7490BC66ADC2FB729D084B /* VoxbriefLiveActivity.swift */ = {isa = PBXFileReference; lastKnownFileType = sourcecode.swift; path = VoxbriefLiveActivity.swift; sourceTree = "<group>"; };
		4F9E58587D34FC957F4AE403 /* LLMCopywriterServiceTests.swift */ = {isa = PBXFileReference; lastKnownFileType = sourcecode.swift; path = LLMCopywriterServiceTests.swift; sourceTree = "<group>"; };
		560015483170C2C0F42ED686 /* TemplateStore.swift */ = {isa = PBXFileReference; lastKnownFileType = sourcecode.swift; path = TemplateStore.swift; sourceTree = "<group>"; };
		57C43AFCEE906F715A993001 /* RecordingCoordinator.swift */ = {isa = PBXFileReference; lastKnownFileType = sourcecode.swift; path = RecordingCoordinator.swift; sourceTree = "<group>"; };
		5FD5F519993C6DB394849326 /* ExtensionDelegate.swift */ = {isa = PBXFileReference; lastKnownFileType = sourcecode.swift; path = ExtensionDelegate.swift; sourceTree = "<group>"; };
		61F11F8A2D3B21ECC69ECA27 /* DictionaryCorrector.swift */ = {isa = PBXFileReference; lastKnownFileType = sourcecode.swift; path = DictionaryCorrector.swift; sourceTree = "<group>"; };
		653DA86C0171A62565403BC9 /* Assets.xcassets */ = {isa = PBXFileReference; lastKnownFileType = folder.assetcatalog; path = Assets.xcassets; sourceTree = "<group>"; };
		670AD08FF352905287D03FB1 /* KeyboardRecordSheet.swift */ = {isa = PBXFileReference; lastKnownFileType = sourcecode.swift; path = KeyboardRecordSheet.swift; sourceTree = "<group>"; };
		68B3FA6D53152C4F4D6ADBB9 /* VoxbriefWatchWidgets.appex */ = {isa = PBXFileReference; explicitFileType = "wrapper.app-extension"; includeInIndex = 0; path = VoxbriefWatchWidgets.appex; sourceTree = BUILT_PRODUCTS_DIR; };
		692D6EB7A748E001F15872BD /* NoteProcessingPipelineTests.swift */ = {isa = PBXFileReference; lastKnownFileType = sourcecode.swift; path = NoteProcessingPipelineTests.swift; sourceTree = "<group>"; };
		6A2146B25CD674831F950B98 /* OnboardingView.swift */ = {isa = PBXFileReference; lastKnownFileType = sourcecode.swift; path = OnboardingView.swift; sourceTree = "<group>"; };
		6B46B0AD5BCBCB6851AAE2DC /* DictionaryEntry.swift */ = {isa = PBXFileReference; lastKnownFileType = sourcecode.swift; path = DictionaryEntry.swift; sourceTree = "<group>"; };
		6BF494983C29E89D921ABACA /* WatchAudioRecorder.swift */ = {isa = PBXFileReference; lastKnownFileType = sourcecode.swift; path = WatchAudioRecorder.swift; sourceTree = "<group>"; };
		6DCD76CBD9A8D9599353A83C /* OverlayWindowController.swift */ = {isa = PBXFileReference; lastKnownFileType = sourcecode.swift; path = OverlayWindowController.swift; sourceTree = "<group>"; };
		6E37077EC9E2F16A4D7C2E54 /* AudioRecordingService.swift */ = {isa = PBXFileReference; lastKnownFileType = sourcecode.swift; path = AudioRecordingService.swift; sourceTree = "<group>"; };
		6EB9E3588235BEFC67D80649 /* UpdateChecker.swift */ = {isa = PBXFileReference; lastKnownFileType = sourcecode.swift; path = UpdateChecker.swift; sourceTree = "<group>"; };
		72CDFABD6641AF3CBC9981F9 /* Info.plist */ = {isa = PBXFileReference; lastKnownFileType = text.plist; path = Info.plist; sourceTree = "<group>"; };
		79425446C4B377940835B987 /* NoteListViewModel.swift */ = {isa = PBXFileReference; lastKnownFileType = sourcecode.swift; path = NoteListViewModel.swift; sourceTree = "<group>"; };
		7BB5149C264CEC3EE04592CE /* VoxbriefTests.xctest */ = {isa = PBXFileReference; includeInIndex = 0; lastKnownFileType = wrapper.cfbundle; path = VoxbriefTests.xctest; sourceTree = BUILT_PRODUCTS_DIR; };
		805582BA92BDC768F983C370 /* AudioFileManager.swift */ = {isa = PBXFileReference; lastKnownFileType = sourcecode.swift; path = AudioFileManager.swift; sourceTree = "<group>"; };
		85FA4EC385ED9D0FC96F7955 /* NoteDetailViewModel.swift */ = {isa = PBXFileReference; lastKnownFileType = sourcecode.swift; path = NoteDetailViewModel.swift; sourceTree = "<group>"; };
		8C774501050A357DEB4FA1AA /* KeyboardSetupStatus.swift */ = {isa = PBXFileReference; lastKnownFileType = sourcecode.swift; path = KeyboardSetupStatus.swift; sourceTree = "<group>"; };
		8D816BE4FBE91E1B52B14A93 /* MicrophonePermissionManager.swift */ = {isa = PBXFileReference; lastKnownFileType = sourcecode.swift; path = MicrophonePermissionManager.swift; sourceTree = "<group>"; };
		917D0366004B01DE5CC2CEA7 /* CaptureCoordinator.swift */ = {isa = PBXFileReference; lastKnownFileType = sourcecode.swift; path = CaptureCoordinator.swift; sourceTree = "<group>"; };
		959851115743BB9596288C80 /* VoxbriefWatch.app */ = {isa = PBXFileReference; explicitFileType = wrapper.application; includeInIndex = 0; path = VoxbriefWatch.app; sourceTree = BUILT_PRODUCTS_DIR; };
		97AB4E8DC194919B938B0739 /* PersonalDictionaryStoreTests.swift */ = {isa = PBXFileReference; lastKnownFileType = sourcecode.swift; path = PersonalDictionaryStoreTests.swift; sourceTree = "<group>"; };
		988E0BDCC158250481339E11 /* AudioConstants.swift */ = {isa = PBXFileReference; lastKnownFileType = sourcecode.swift; path = AudioConstants.swift; sourceTree = "<group>"; };
		9B6F47AE17245B344D9D2391 /* WatchSyncService.swift */ = {isa = PBXFileReference; lastKnownFileType = sourcecode.swift; path = WatchSyncService.swift; sourceTree = "<group>"; };
		9CBD578AD77C823CEBF8C5B8 /* NoteRepositoryTests.swift */ = {isa = PBXFileReference; lastKnownFileType = sourcecode.swift; path = NoteRepositoryTests.swift; sourceTree = "<group>"; };
		A11DC3D2F654A38683E42F87 /* Keyboard.entitlements */ = {isa = PBXFileReference; lastKnownFileType = text.plist.entitlements; path = Keyboard.entitlements; sourceTree = "<group>"; };
		A37729BD151097071676D002 /* WatchNotesListView.swift */ = {isa = PBXFileReference; lastKnownFileType = sourcecode.swift; path = WatchNotesListView.swift; sourceTree = "<group>"; };
		A5D2678B30255AFCCA761999 /* WatchSyncService.swift */ = {isa = PBXFileReference; lastKnownFileType = sourcecode.swift; path = WatchSyncService.swift; sourceTree = "<group>"; };
		A647E8F8AEC2253D09373C81 /* FeedbackShortcutStore.swift */ = {isa = PBXFileReference; lastKnownFileType = sourcecode.swift; path = FeedbackShortcutStore.swift; sourceTree = "<group>"; };
		A722022C9E282A8840CA734E /* NoteListViewModelTests.swift */ = {isa = PBXFileReference; lastKnownFileType = sourcecode.swift; path = NoteListViewModelTests.swift; sourceTree = "<group>"; };
		A7E7A1ECFE8A61810E0AA7FB /* ASRServiceHelpersTests.swift */ = {isa = PBXFileReference; lastKnownFileType = sourcecode.swift; path = ASRServiceHelpersTests.swift; sourceTree = "<group>"; };
		A94C1768854EC4735174DF30 /* KeyboardViewController.swift */ = {isa = PBXFileReference; lastKnownFileType = sourcecode.swift; path = KeyboardViewController.swift; sourceTree = "<group>"; };
		AB22B631A6BEF68F67B5C15A /* NoteDetailView.swift */ = {isa = PBXFileReference; lastKnownFileType = sourcecode.swift; path = NoteDetailView.swift; sourceTree = "<group>"; };
		ACC7690F2E9CCCD9AC1D86CF /* PersonalDictionaryView.swift */ = {isa = PBXFileReference; lastKnownFileType = sourcecode.swift; path = PersonalDictionaryView.swift; sourceTree = "<group>"; };
		AD147AE1BD15A3E6E9E9EA8C /* LLMCopywriterService.swift */ = {isa = PBXFileReference; lastKnownFileType = sourcecode.swift; path = LLMCopywriterService.swift; sourceTree = "<group>"; };
		AE056827F75E2A918AABC197 /* WatchSyncStatusView.swift */ = {isa = PBXFileReference; lastKnownFileType = sourcecode.swift; path = WatchSyncStatusView.swift; sourceTree = "<group>"; };
		AF568BAA055854561F1C46D7 /* WatchSyncServiceTests.swift */ = {isa = PBXFileReference; lastKnownFileType = sourcecode.swift; path = WatchSyncServiceTests.swift; sourceTree = "<group>"; };
		AFAE3474C430320E937A5196 /* TemplateStoreTests.swift */ = {isa = PBXFileReference; lastKnownFileType = sourcecode.swift; path = TemplateStoreTests.swift; sourceTree = "<group>"; };
		B10E24B4B7F2AE722E9E2DF9 /* WatchStorage.swift */ = {isa = PBXFileReference; lastKnownFileType = sourcecode.swift; path = WatchStorage.swift; sourceTree = "<group>"; };
		B14742A80B04804C7A613CF4 /* TemplateEditView.swift */ = {isa = PBXFileReference; lastKnownFileType = sourcecode.swift; path = TemplateEditView.swift; sourceTree = "<group>"; };
		B1862EF9B360D46D07DCD314 /* PlatformUI.swift */ = {isa = PBXFileReference; lastKnownFileType = sourcecode.swift; path = PlatformUI.swift; sourceTree = "<group>"; };
		B2CE21315E374FACF9C681E9 /* Info.plist */ = {isa = PBXFileReference; lastKnownFileType = text.plist; path = Info.plist; sourceTree = "<group>"; };
		B32C11C7D6037937A9F59B01 /* VoxbriefWatchApp.swift */ = {isa = PBXFileReference; lastKnownFileType = sourcecode.swift; path = VoxbriefWatchApp.swift; sourceTree = "<group>"; };
		B4D8DB31CA5D5DAFA4A7FB0A /* DictionaryCorrectorTests.swift */ = {isa = PBXFileReference; lastKnownFileType = sourcecode.swift; path = DictionaryCorrectorTests.swift; sourceTree = "<group>"; };
		B890732A2E9F6A9C8361C2B2 /* TemplatesView.swift */ = {isa = PBXFileReference; lastKnownFileType = sourcecode.swift; path = TemplatesView.swift; sourceTree = "<group>"; };
		B8DA59D4AB6880238B419BA0 /* GlobalHotkeyManager.swift */ = {isa = PBXFileReference; lastKnownFileType = sourcecode.swift; path = GlobalHotkeyManager.swift; sourceTree = "<group>"; };
		BFF47C7AC8DE99A52D14D5E7 /* Voxbrief.app */ = {isa = PBXFileReference; includeInIndex = 0; lastKnownFileType = wrapper.application; path = Voxbrief.app; sourceTree = BUILT_PRODUCTS_DIR; };
		C41C69644021D649EBA14B88 /* OnDeviceLLMService.swift */ = {isa = PBXFileReference; lastKnownFileType = sourcecode.swift; path = OnDeviceLLMService.swift; sourceTree = "<group>"; };
		C68109B867643A9EC95BA83A /* NotesBrowserView.swift */ = {isa = PBXFileReference; lastKnownFileType = sourcecode.swift; path = NotesBrowserView.swift; sourceTree = "<group>"; };
		C8EE276FCE431704528A2B82 /* PreferencesView.swift */ = {isa = PBXFileReference; lastKnownFileType = sourcecode.swift; path = PreferencesView.swift; sourceTree = "<group>"; };
		C9E355E590054B01A75FB779 /* Info.plist */ = {isa = PBXFileReference; lastKnownFileType = text.plist; path = Info.plist; sourceTree = "<group>"; };
		CBCCE4CBCC64C9FC561BE96C /* Assets.xcassets */ = {isa = PBXFileReference; lastKnownFileType = folder.assetcatalog; path = Assets.xcassets; sourceTree = "<group>"; };
		CEAD3B4021131DA58668E5C9 /* ASRService.swift */ = {isa = PBXFileReference; lastKnownFileType = sourcecode.swift; path = ASRService.swift; sourceTree = "<group>"; };
		D04388B08F3A85CF017C8018 /* NoteRepository.swift */ = {isa = PBXFileReference; lastKnownFileType = sourcecode.swift; path = NoteRepository.swift; sourceTree = "<group>"; };
		D0F20D0BCE0BE7D3E7E931A7 /* FormattingExtensions.swift */ = {isa = PBXFileReference; lastKnownFileType = sourcecode.swift; path = FormattingExtensions.swift; sourceTree = "<group>"; };
		D52BAB96F04983304C68D2E5 /* KeyboardHandoffTests.swift */ = {isa = PBXFileReference; lastKnownFileType = sourcecode.swift; path = KeyboardHandoffTests.swift; sourceTree = "<group>"; };
		D9ABAAFC8C134B12CC78DDF2 /* MacAddRecordingSheet.swift */ = {isa = PBXFileReference; lastKnownFileType = sourcecode.swift; path = MacAddRecordingSheet.swift; sourceTree = "<group>"; };
		DCD4292051768197FA3A125E /* DictionaryEntryEditView.swift */ = {isa = PBXFileReference; lastKnownFileType = sourcecode.swift; path = DictionaryEntryEditView.swift; sourceTree = "<group>"; };
		DDF370D074CADB2C25254782 /* MarkdownLiteText.swift */ = {isa = PBXFileReference; lastKnownFileType = sourcecode.swift; path = MarkdownLiteText.swift; sourceTree = "<group>"; };
		DFEB07D6090DC24A5902E9AE /* LiveActivityManager.swift */ = {isa = PBXFileReference; lastKnownFileType = sourcecode.swift; path = LiveActivityManager.swift; sourceTree = "<group>"; };
		E7C3731F89B9CAC7ECDD9D86 /* Qwen3-0.6B-4bit */ = {isa = PBXFileReference; lastKnownFileType = folder; name = "Qwen3-0.6B-4bit"; path = "VoxbriefApp/Resources/Models/Qwen3-0.6B-4bit"; sourceTree = SOURCE_ROOT; };
		E8F69D56A035DF1728B39998 /* TemplateDetailView.swift */ = {isa = PBXFileReference; lastKnownFileType = sourcecode.swift; path = TemplateDetailView.swift; sourceTree = "<group>"; };
		E94D52B1598816198564D875 /* FeedbackShortcut.swift */ = {isa = PBXFileReference; lastKnownFileType = sourcecode.swift; path = FeedbackShortcut.swift; sourceTree = "<group>"; };
		E957233BA796003140F2A4C4 /* Info.plist */ = {isa = PBXFileReference; lastKnownFileType = text.plist; path = Info.plist; sourceTree = "<group>"; };
		EFDB8F3410645F05130FB1DA /* VoxbriefMacTests.xctest */ = {isa = PBXFileReference; explicitFileType = wrapper.cfbundle; includeInIndex = 0; path = VoxbriefMacTests.xctest; sourceTree = BUILT_PRODUCTS_DIR; };
		F47B06B91C0E08B3E8267051 /* NoteRowView.swift */ = {isa = PBXFileReference; lastKnownFileType = sourcecode.swift; path = NoteRowView.swift; sourceTree = "<group>"; };
		F61EA36A51AF152AC8E9882D /* VoxbriefMacApp.swift */ = {isa = PBXFileReference; lastKnownFileType = sourcecode.swift; path = VoxbriefMacApp.swift; sourceTree = "<group>"; };
		FC779C7DEFBC23A48D6A366A /* MacAudioRecorderService.swift */ = {isa = PBXFileReference; lastKnownFileType = sourcecode.swift; path = MacAudioRecorderService.swift; sourceTree = "<group>"; };
		FCE2B224A5B2AD796EFD2862 /* Info.plist */ = {isa = PBXFileReference; lastKnownFileType = text.plist; path = Info.plist; sourceTree = "<group>"; };
/* End PBXFileReference section */

/* Begin PBXFrameworksBuildPhase section */
		5FA434F22D015B468646DE96 /* Frameworks */ = {
			isa = PBXFrameworksBuildPhase;
			buildActionMask = 2147483647;
			files = (
				FADF466CC1C50C89D346636D /* WhisperKit in Frameworks */,
				51CC7CC68DBE2F229C298885 /* MLXLLM in Frameworks */,
				A2DC25FC3CC4733F84BD302E /* MLXLMCommon in Frameworks */,
				6B525DE5AD2D8696C40BB67C /* FeedbackKit in Frameworks */,
			);
			runOnlyForDeploymentPostprocessing = 0;
		};
		F8A834E720988185E71183C7 /* Frameworks */ = {
			isa = PBXFrameworksBuildPhase;
			buildActionMask = 2147483647;
			files = (
				811785C3AB29046CEE31D3F2 /* WhisperKit in Frameworks */,
				C8ABA9BEC2112569C5505238 /* MLXLLM in Frameworks */,
				A5813846512DB507166D26CC /* MLXLMCommon in Frameworks */,
				EBE2CA78073932EF96C2F4D6 /* FeedbackKit in Frameworks */,
			);
			runOnlyForDeploymentPostprocessing = 0;
		};
/* End PBXFrameworksBuildPhase section */

/* Begin PBXGroup section */
		01C9630DF76D64646B73D672 /* Extensions */ = {
			isa = PBXGroup;
			children = (
				D0F20D0BCE0BE7D3E7E931A7 /* FormattingExtensions.swift */,
			);
			path = Extensions;
			sourceTree = "<group>";
		};
		04CCA88E7169AF9A7258976A /* Services */ = {
			isa = PBXGroup;
			children = (
				CEAD3B4021131DA58668E5C9 /* ASRService.swift */,
				805582BA92BDC768F983C370 /* AudioFileManager.swift */,
				17618C9F07139808472E6688 /* AudioPlaybackService.swift */,
				6E37077EC9E2F16A4D7C2E54 /* AudioRecordingService.swift */,
				61F11F8A2D3B21ECC69ECA27 /* DictionaryCorrector.swift */,
				8C774501050A357DEB4FA1AA /* KeyboardSetupStatus.swift */,
				DFEB07D6090DC24A5902E9AE /* LiveActivityManager.swift */,
				AD147AE1BD15A3E6E9E9EA8C /* LLMCopywriterService.swift */,
				41B60172558E506D5CCB8962 /* NoteCompletionNotifier.swift */,
				1C1F160AB952E32457620BAC /* NoteProcessingPipeline.swift */,
				D04388B08F3A85CF017C8018 /* NoteRepository.swift */,
				C41C69644021D649EBA14B88 /* OnDeviceLLMService.swift */,
				03F942BDF0E561E09CD54BC4 /* PersonalDictionaryStore.swift */,
				57C43AFCEE906F715A993001 /* RecordingCoordinator.swift */,
				560015483170C2C0F42ED686 /* TemplateStore.swift */,
				A5D2678B30255AFCCA761999 /* WatchSyncService.swift */,
			);
			path = Services;
			sourceTree = "<group>";
		};
		067FA375470FD904498EC0F9 /* Resources */ = {
			isa = PBXGroup;
			children = (
				251979C32C445301C3EDD38D /* Assets.xcassets */,
				86EAC0707E7C0DA3DA291981 /* Models */,
			);
			path = Resources;
			sourceTree = "<group>";
		};
		07683DFB3779D8D3D724D909 /* Shared */ = {
			isa = PBXGroup;
			children = (
				D3E71B8D635558BF93727BE4 /* Audio */,
				01C9630DF76D64646B73D672 /* Extensions */,
				3EFFB945655B3E47AB7896BE /* Models */,
				3D194B09B164A10F47934214 /* Services */,
				FFA176190C87B452BCDB1DC5 /* Views */,
			);
			path = Shared;
			sourceTree = "<group>";
		};
		17B2D4376B4D9A467285980C /* Resources */ = {
			isa = PBXGroup;
			children = (
				653DA86C0171A62565403BC9 /* Assets.xcassets */,
			);
			path = Resources;
			sourceTree = "<group>";
		};
		29061DF6783E3601BFFDAD04 /* App */ = {
			isa = PBXGroup;
			children = (
				5FD5F519993C6DB394849326 /* ExtensionDelegate.swift */,
				E957233BA796003140F2A4C4 /* Info.plist */,
				B32C11C7D6037937A9F59B01 /* VoxbriefWatchApp.swift */,
			);
			path = App;
			sourceTree = "<group>";
		};
		33977FAC88B0AC881A82EC86 /* VoxbriefMac */ = {
			isa = PBXGroup;
			children = (
				6DA9F67438EA854896653001 /* App */,
				FAE29F8541180556ACC909AC /* Models */,
				CF5D0FCC51583C9050E8ED44 /* Resources */,
				600B554AF0D9BD10E293CB8A /* Services */,
				6C7F02C2027C5D651853279E /* Views */,
			);
			path = VoxbriefMac;
			sourceTree = "<group>";
		};
		38EF815C7E2AECBD837B3078 /* Views */ = {
			isa = PBXGroup;
			children = (
				31C3CF9D1D01A0040528A669 /* WatchMainRecordView.swift */,
				A37729BD151097071676D002 /* WatchNotesListView.swift */,
			);
			path = Views;
			sourceTree = "<group>";
		};
		39379177EAA7DA351EC411EB /* Tests */ = {
			isa = PBXGroup;
			children = (
				ABD8760BDDAE4ED56B38968F /* MacUnitTests */,
				E04E5CCE4E0AF71F27D99E09 /* UnitTests */,
			);
			path = Tests;
			sourceTree = "<group>";
		};
		3D194B09B164A10F47934214 /* Services */ = {
			isa = PBXGroup;
			children = (
				38326DAFB38C97F2FF11D41B /* KeyboardHandoff.swift */,
			);
			path = Services;
			sourceTree = "<group>";
		};
		3EFFB945655B3E47AB7896BE /* Models */ = {
			isa = PBXGroup;
			children = (
				4670A66832BC3EDB51D04C99 /* NoteTemplate.swift */,
				196C6F6CC1AAC7FF5E616A8D /* SyncPayload.swift */,
				17FEE0D93589E948738A6156 /* VoiceNote.swift */,
				46B6B4EE56273273351A6104 /* VoiceNoteActivityAttributes.swift */,
			);
			path = Models;
			sourceTree = "<group>";
		};
		44151DCF70641E31AAF8A683 /* VoxbriefKeyboard */ = {
			isa = PBXGroup;
			children = (
				B2CE21315E374FACF9C681E9 /* Info.plist */,
				A11DC3D2F654A38683E42F87 /* Keyboard.entitlements */,
				479CB7D3F321802C49EF5564 /* KeyboardView.swift */,
				A94C1768854EC4735174DF30 /* KeyboardViewController.swift */,
			);
			path = VoxbriefKeyboard;
			sourceTree = "<group>";
		};
		452DB2CDCF82A4603C5259A1 /* Models */ = {
			isa = PBXGroup;
			children = (
				6B46B0AD5BCBCB6851AAE2DC /* DictionaryEntry.swift */,
			);
			path = Models;
			sourceTree = "<group>";
		};
		600B554AF0D9BD10E293CB8A /* Services */ = {
			isa = PBXGroup;
			children = (
				14F96EF59E1D7F971D62EEE7 /* AccessibilityPermissionManager.swift */,
				917D0366004B01DE5CC2CEA7 /* CaptureCoordinator.swift */,
				A647E8F8AEC2253D09373C81 /* FeedbackShortcutStore.swift */,
				B8DA59D4AB6880238B419BA0 /* GlobalHotkeyManager.swift */,
				FC779C7DEFBC23A48D6A366A /* MacAudioRecorderService.swift */,
				21EBE178B4D20AED497C380E /* MacFeedbackPresenter.swift */,
				8D816BE4FBE91E1B52B14A93 /* MicrophonePermissionManager.swift */,
				4769D6DA1245703C529EFE21 /* PasteInjector.swift */,
				6EB9E3588235BEFC67D80649 /* UpdateChecker.swift */,
			);
			path = Services;
			sourceTree = "<group>";
		};
		6438D5EAF0A789F98B0338C2 /* VoxbriefWatchWidgets */ = {
			isa = PBXGroup;
			children = (
				FCE2B224A5B2AD796EFD2862 /* Info.plist */,
				48925CE7621616AF282F7CAF /* VoxbriefWatchWidgets.swift */,
			);
			path = VoxbriefWatchWidgets;
			sourceTree = "<group>";
		};
		6C7F02C2027C5D651853279E /* Views */ = {
			isa = PBXGroup;
			children = (
				D9ABAAFC8C134B12CC78DDF2 /* MacAddRecordingSheet.swift */,
				C68109B867643A9EC95BA83A /* NotesBrowserView.swift */,
				4564AD89AD5E44A1D2DBBA4A /* OverlayView.swift */,
				6DCD76CBD9A8D9599353A83C /* OverlayWindowController.swift */,
				C8EE276FCE431704528A2B82 /* PreferencesView.swift */,
			);
			path = Views;
			sourceTree = "<group>";
		};
		6D4CC13DC4315C2B2BC7E100 /* Views */ = {
			isa = PBXGroup;
			children = (
				DCD4292051768197FA3A125E /* DictionaryEntryEditView.swift */,
				670AD08FF352905287D03FB1 /* KeyboardRecordSheet.swift */,
				DDF370D074CADB2C25254782 /* MarkdownLiteText.swift */,
				AB22B631A6BEF68F67B5C15A /* NoteDetailView.swift */,
				406D633D5C4879AF1E20107B /* NoteListView.swift */,
				43B54E6F4FF7B03C6D263908 /* NoteMergePickerSheet.swift */,
				F47B06B91C0E08B3E8267051 /* NoteRowView.swift */,
				6A2146B25CD674831F950B98 /* OnboardingView.swift */,
				ACC7690F2E9CCCD9AC1D86CF /* PersonalDictionaryView.swift */,
				26D9161722A62F745EEBA731 /* QuickRecordSheet.swift */,
				015D2CED079AC4D35BFD7889 /* SettingsView.swift */,
				E8F69D56A035DF1728B39998 /* TemplateDetailView.swift */,
				B14742A80B04804C7A613CF4 /* TemplateEditView.swift */,
				B890732A2E9F6A9C8361C2B2 /* TemplatesView.swift */,
				23FBAB18CBFD15D8BCF11DFF /* VoxbriefLogoView.swift */,
				AE056827F75E2A918AABC197 /* WatchSyncStatusView.swift */,
			);
			path = Views;
			sourceTree = "<group>";
		};
		6DA9F67438EA854896653001 /* App */ = {
			isa = PBXGroup;
			children = (
				C9E355E590054B01A75FB779 /* Info.plist */,
				F61EA36A51AF152AC8E9882D /* VoxbriefMacApp.swift */,
			);
			path = App;
			sourceTree = "<group>";
		};
		81D7B833EEED62C20A6078ED /* VoxbriefWidgets */ = {
			isa = PBXGroup;
			children = (
				496BFAFDCF52A425981CEADC /* Info.plist */,
				4C7490BC66ADC2FB729D084B /* VoxbriefLiveActivity.swift */,
			);
			path = VoxbriefWidgets;
			sourceTree = "<group>";
		};
		86EAC0707E7C0DA3DA291981 /* Models */ = {
			isa = PBXGroup;
			children = (
				E7C3731F89B9CAC7ECDD9D86 /* Qwen3-0.6B-4bit */,
			);
			path = Models;
			sourceTree = "<group>";
		};
		8A4AD2D1CD9D7BF090B2A3D8 /* VoxbriefApp */ = {
			isa = PBXGroup;
			children = (
				D160600220B0A52BD5DF10E9 /* App */,
				DAC4A9F04813960C448BD1C0 /* Extensions */,
				452DB2CDCF82A4603C5259A1 /* Models */,
				067FA375470FD904498EC0F9 /* Resources */,
				04CCA88E7169AF9A7258976A /* Services */,
				C0494C9B3D5F7E4B0230B64E /* ViewModels */,
				6D4CC13DC4315C2B2BC7E100 /* Views */,
			);
			path = VoxbriefApp;
			sourceTree = "<group>";
		};
		99A367A324023CD3FC3C58CE /* Services */ = {
			isa = PBXGroup;
			children = (
				6BF494983C29E89D921ABACA /* WatchAudioRecorder.swift */,
				B10E24B4B7F2AE722E9E2DF9 /* WatchStorage.swift */,
				9B6F47AE17245B344D9D2391 /* WatchSyncService.swift */,
			);
			path = Services;
			sourceTree = "<group>";
		};
		ABD8760BDDAE4ED56B38968F /* MacUnitTests */ = {
			isa = PBXGroup;
			children = (
				45BC8B9500EFFF14E2F325BD /* FeedbackShortcutTests.swift */,
			);
			path = MacUnitTests;
			sourceTree = "<group>";
		};
		C0494C9B3D5F7E4B0230B64E /* ViewModels */ = {
			isa = PBXGroup;
			children = (
				85FA4EC385ED9D0FC96F7955 /* NoteDetailViewModel.swift */,
				79425446C4B377940835B987 /* NoteListViewModel.swift */,
			);
			path = ViewModels;
			sourceTree = "<group>";
		};
		C147982AE37495BA2A65B7FB /* Products */ = {
			isa = PBXGroup;
			children = (
				BFF47C7AC8DE99A52D14D5E7 /* Voxbrief.app */,
				16793BFCF0CAFCD8D5316281 /* VoxbriefKeyboard.appex */,
				4BF5A0AD3173094058B72D91 /* VoxbriefMac.app */,
				EFDB8F3410645F05130FB1DA /* VoxbriefMacTests.xctest */,
				7BB5149C264CEC3EE04592CE /* VoxbriefTests.xctest */,
				959851115743BB9596288C80 /* VoxbriefWatch.app */,
				68B3FA6D53152C4F4D6ADBB9 /* VoxbriefWatchWidgets.appex */,
				2657ABEEE26CAC4BC36968D1 /* VoxbriefWidgets.appex */,
			);
			name = Products;
			sourceTree = "<group>";
		};
		CF5D0FCC51583C9050E8ED44 /* Resources */ = {
			isa = PBXGroup;
			children = (
				CBCCE4CBCC64C9FC561BE96C /* Assets.xcassets */,
			);
			path = Resources;
			sourceTree = "<group>";
		};
		D160600220B0A52BD5DF10E9 /* App */ = {
			isa = PBXGroup;
			children = (
				72CDFABD6641AF3CBC9981F9 /* Info.plist */,
				2887D77F3766E9B5992BF4CD /* VoxbriefApp.swift */,
			);
			path = App;
			sourceTree = "<group>";
		};
		D3E71B8D635558BF93727BE4 /* Audio */ = {
			isa = PBXGroup;
			children = (
				988E0BDCC158250481339E11 /* AudioConstants.swift */,
			);
			path = Audio;
			sourceTree = "<group>";
		};
		D9AD3A2D1EA28068EFF810C4 /* VoxbriefWatch */ = {
			isa = PBXGroup;
			children = (
				29061DF6783E3601BFFDAD04 /* App */,
				17B2D4376B4D9A467285980C /* Resources */,
				99A367A324023CD3FC3C58CE /* Services */,
				38EF815C7E2AECBD837B3078 /* Views */,
			);
			path = VoxbriefWatch;
			sourceTree = "<group>";
		};
		DAC4A9F04813960C448BD1C0 /* Extensions */ = {
			isa = PBXGroup;
			children = (
				B1862EF9B360D46D07DCD314 /* PlatformUI.swift */,
			);
			path = Extensions;
			sourceTree = "<group>";
		};
		E04E5CCE4E0AF71F27D99E09 /* UnitTests */ = {
			isa = PBXGroup;
			children = (
				A7E7A1ECFE8A61810E0AA7FB /* ASRServiceHelpersTests.swift */,
				B4D8DB31CA5D5DAFA4A7FB0A /* DictionaryCorrectorTests.swift */,
				0BFF1B48591E606188875EF7 /* FormattingExtensionsTests.swift */,
				D52BAB96F04983304C68D2E5 /* KeyboardHandoffTests.swift */,
				4F9E58587D34FC957F4AE403 /* LLMCopywriterServiceTests.swift */,
				A722022C9E282A8840CA734E /* NoteListViewModelTests.swift */,
				692D6EB7A748E001F15872BD /* NoteProcessingPipelineTests.swift */,
				9CBD578AD77C823CEBF8C5B8 /* NoteRepositoryTests.swift */,
				97AB4E8DC194919B938B0739 /* PersonalDictionaryStoreTests.swift */,
				AFAE3474C430320E937A5196 /* TemplateStoreTests.swift */,
				AF568BAA055854561F1C46D7 /* WatchSyncServiceTests.swift */,
			);
			path = UnitTests;
			sourceTree = "<group>";
		};
		F3AB579659BA72E5180162D2 = {
			isa = PBXGroup;
			children = (
				07683DFB3779D8D3D724D909 /* Shared */,
				39379177EAA7DA351EC411EB /* Tests */,
				8A4AD2D1CD9D7BF090B2A3D8 /* VoxbriefApp */,
				44151DCF70641E31AAF8A683 /* VoxbriefKeyboard */,
				33977FAC88B0AC881A82EC86 /* VoxbriefMac */,
				D9AD3A2D1EA28068EFF810C4 /* VoxbriefWatch */,
				6438D5EAF0A789F98B0338C2 /* VoxbriefWatchWidgets */,
				81D7B833EEED62C20A6078ED /* VoxbriefWidgets */,
				C147982AE37495BA2A65B7FB /* Products */,
			);
			sourceTree = "<group>";
		};
		FAE29F8541180556ACC909AC /* Models */ = {
			isa = PBXGroup;
			children = (
				E94D52B1598816198564D875 /* FeedbackShortcut.swift */,
			);
			path = Models;
			sourceTree = "<group>";
		};
		FFA176190C87B452BCDB1DC5 /* Views */ = {
			isa = PBXGroup;
			children = (
				214322359CF4DEE6753E172E /* CaptureWaveformView.swift */,
			);
			path = Views;
			sourceTree = "<group>";
		};
/* End PBXGroup section */

/* Begin PBXNativeTarget section */
		2337B6AE8A4E550372A5595B /* VoxbriefMacTests */ = {
			isa = PBXNativeTarget;
			buildConfigurationList = 04D268164B7F8398EBD8B9D7 /* Build configuration list for PBXNativeTarget "VoxbriefMacTests" */;
			buildPhases = (
				D8FDBC4293CAE9C7E2EE101B /* Sources */,
			);
			buildRules = (
			);
			dependencies = (
				65799C023138BF302035644C /* PBXTargetDependency */,
			);
			name = VoxbriefMacTests;
			packageProductDependencies = (
			);
			productName = VoxbriefMacTests;
			productReference = EFDB8F3410645F05130FB1DA /* VoxbriefMacTests.xctest */;
			productType = "com.apple.product-type.bundle.unit-test";
		};
		37352116B16272A1D780DF2D /* Voxbrief */ = {
			isa = PBXNativeTarget;
			buildConfigurationList = 3CA1B4929BC0B21623BF17FA /* Build configuration list for PBXNativeTarget "Voxbrief" */;
			buildPhases = (
				D354A29E5E69D4A3EBB3FA9B /* Sources */,
				B7296D71E17A4BB4F84A0F15 /* Resources */,
				F8A834E720988185E71183C7 /* Frameworks */,
				9AF6141237E92BFCD95A590F /* Embed Foundation Extensions */,
				6ADC1E683AD0AAF4FC34C261 /* Embed Watch Content */,
			);
			buildRules = (
			);
			dependencies = (
				365A987A6A53AD11964A1DEC /* PBXTargetDependency */,
				E2E42D8DD70EEFEF2914D3E0 /* PBXTargetDependency */,
				3C41409BE668BD40711A1240 /* PBXTargetDependency */,
			);
			name = Voxbrief;
			packageProductDependencies = (
				229AFE98228CC08425BD323C /* WhisperKit */,
				F12B540EED6866922E9E23CF /* MLXLLM */,
				C6628A2DEF8598CD4850817D /* MLXLMCommon */,
				C3592D6161DC5A9969A5B66F /* FeedbackKit */,
			);
			productName = Voxbrief;
			productReference = BFF47C7AC8DE99A52D14D5E7 /* Voxbrief.app */;
			productType = "com.apple.product-type.application";
		};
		7CFB19EE60B3ECE261FD7585 /* VoxbriefMac */ = {
			isa = PBXNativeTarget;
			buildConfigurationList = D67E12F2F3D879FEEC2BAB90 /* Build configuration list for PBXNativeTarget "VoxbriefMac" */;
			buildPhases = (
				D81F884A6225149911CFCE62 /* Sources */,
				9F895FA741DFA4CBE1C8DD09 /* Resources */,
				5FA434F22D015B468646DE96 /* Frameworks */,
			);
			buildRules = (
			);
			dependencies = (
			);
			name = VoxbriefMac;
			packageProductDependencies = (
				2040CA9F4A672DFAAEAC0B47 /* WhisperKit */,
				5217B63305D7FA96D559DE40 /* MLXLLM */,
				FE66E50CF58B0A68756AB6D7 /* MLXLMCommon */,
				6B9699D1165BEDA06BDDC1BA /* FeedbackKit */,
			);
			productName = VoxbriefMac;
			productReference = 4BF5A0AD3173094058B72D91 /* VoxbriefMac.app */;
			productType = "com.apple.product-type.application";
		};
		98AF90C393567ADA1B2E4ADF /* VoxbriefWatch */ = {
			isa = PBXNativeTarget;
			buildConfigurationList = E23C0AD22EFDDA5BF2411182 /* Build configuration list for PBXNativeTarget "VoxbriefWatch" */;
			buildPhases = (
				BBDEE9B7F98AB013A852E5DB /* Sources */,
				742AF5DBE8102D6228D74D91 /* Resources */,
				AF2720D0779CD2E7B0C8256A /* Embed Foundation Extensions */,
			);
			buildRules = (
			);
			dependencies = (
				131EA4B2A494544BC99E8EB9 /* PBXTargetDependency */,
			);
			name = VoxbriefWatch;
			packageProductDependencies = (
			);
			productName = VoxbriefWatch;
			productReference = 959851115743BB9596288C80 /* VoxbriefWatch.app */;
			productType = "com.apple.product-type.application";
		};
		C31E19E69A8FB1FBE5695AFF /* VoxbriefTests */ = {
			isa = PBXNativeTarget;
			buildConfigurationList = 488303D63F27F666C024C181 /* Build configuration list for PBXNativeTarget "VoxbriefTests" */;
			buildPhases = (
				B7F157DB59EC61819EB59712 /* Sources */,
			);
			buildRules = (
			);
			dependencies = (
				0F135CBEB1A59C8C07FE6A53 /* PBXTargetDependency */,
			);
			name = VoxbriefTests;
			packageProductDependencies = (
			);
			productName = VoxbriefTests;
			productReference = 7BB5149C264CEC3EE04592CE /* VoxbriefTests.xctest */;
			productType = "com.apple.product-type.bundle.unit-test";
		};
		CC23F4EAFB9EE223EC6B90D7 /* VoxbriefKeyboard */ = {
			isa = PBXNativeTarget;
			buildConfigurationList = 06A1D4045B31F0A1031C50BA /* Build configuration list for PBXNativeTarget "VoxbriefKeyboard" */;
			buildPhases = (
				362A93D1BA0D6F36B2354C69 /* Sources */,
			);
			buildRules = (
			);
			dependencies = (
			);
			name = VoxbriefKeyboard;
			packageProductDependencies = (
			);
			productName = VoxbriefKeyboard;
			productReference = 16793BFCF0CAFCD8D5316281 /* VoxbriefKeyboard.appex */;
			productType = "com.apple.product-type.app-extension";
		};
		E1776B3060ABFCE1C160CC43 /* VoxbriefWidgets */ = {
			isa = PBXNativeTarget;
			buildConfigurationList = 6347F7B5CEAEB407CF110F32 /* Build configuration list for PBXNativeTarget "VoxbriefWidgets" */;
			buildPhases = (
				CBEEEC8BFDC99C939C64B844 /* Sources */,
			);
			buildRules = (
			);
			dependencies = (
			);
			name = VoxbriefWidgets;
			packageProductDependencies = (
			);
			productName = VoxbriefWidgets;
			productReference = 2657ABEEE26CAC4BC36968D1 /* VoxbriefWidgets.appex */;
			productType = "com.apple.product-type.app-extension";
		};
		E817BB0ABEC329AE291877EC /* VoxbriefWatchWidgets */ = {
			isa = PBXNativeTarget;
			buildConfigurationList = 9ECDD60325CD10C71BF6B8DA /* Build configuration list for PBXNativeTarget "VoxbriefWatchWidgets" */;
			buildPhases = (
				B138E345120AFA724C72940A /* Sources */,
			);
			buildRules = (
			);
			dependencies = (
			);
			name = VoxbriefWatchWidgets;
			packageProductDependencies = (
			);
			productName = VoxbriefWatchWidgets;
			productReference = 68B3FA6D53152C4F4D6ADBB9 /* VoxbriefWatchWidgets.appex */;
			productType = "com.apple.product-type.app-extension";
		};
/* End PBXNativeTarget section */

/* Begin PBXProject section */
		C7BA46F9711F1D39443D0410 /* Project object */ = {
			isa = PBXProject;
			attributes = {
				BuildIndependentTargetsInParallel = YES;
				LastUpgradeCheck = 1600;
				TargetAttributes = {
					2337B6AE8A4E550372A5595B = {
						DevelopmentTeam = "";
					};
					37352116B16272A1D780DF2D = {
						DevelopmentTeam = "";
					};
					7CFB19EE60B3ECE261FD7585 = {
						DevelopmentTeam = "";
					};
					98AF90C393567ADA1B2E4ADF = {
						DevelopmentTeam = "";
					};
					C31E19E69A8FB1FBE5695AFF = {
						DevelopmentTeam = "";
					};
					CC23F4EAFB9EE223EC6B90D7 = {
						DevelopmentTeam = "";
					};
					E1776B3060ABFCE1C160CC43 = {
						DevelopmentTeam = "";
					};
					E817BB0ABEC329AE291877EC = {
						DevelopmentTeam = "";
					};
				};
			};
			buildConfigurationList = 19D2B6D0F948D885FA3A2E5A /* Build configuration list for PBXProject "Voxbrief" */;
			developmentRegion = en;
			hasScannedForEncodings = 0;
			knownRegions = (
				Base,
				en,
			);
			mainGroup = F3AB579659BA72E5180162D2;
			minimizedProjectReferenceProxies = 1;
			packageReferences = (
				5FA083E011276BDBA1332C19 /* XCRemoteSwiftPackageReference "argmax-oss-swift" */,
				DAF76B28D42D3C46C7AB00DD /* XCRemoteSwiftPackageReference "feedback-kit" */,
				2154F9A9B7BCA54BFB72DC64 /* XCRemoteSwiftPackageReference "mlx-swift-examples" */,
			);
			preferredProjectObjectVersion = 77;
			productRefGroup = C147982AE37495BA2A65B7FB /* Products */;
			projectDirPath = "";
			projectRoot = "";
			targets = (
				37352116B16272A1D780DF2D /* Voxbrief */,
				98AF90C393567ADA1B2E4ADF /* VoxbriefWatch */,
				CC23F4EAFB9EE223EC6B90D7 /* VoxbriefKeyboard */,
				E1776B3060ABFCE1C160CC43 /* VoxbriefWidgets */,
				E817BB0ABEC329AE291877EC /* VoxbriefWatchWidgets */,
				7CFB19EE60B3ECE261FD7585 /* VoxbriefMac */,
				2337B6AE8A4E550372A5595B /* VoxbriefMacTests */,
				C31E19E69A8FB1FBE5695AFF /* VoxbriefTests */,
			);
		};
/* End PBXProject section */

/* Begin PBXResourcesBuildPhase section */
		742AF5DBE8102D6228D74D91 /* Resources */ = {
			isa = PBXResourcesBuildPhase;
			buildActionMask = 2147483647;
			files = (
				434B61EB575DCFD7CD63EBA6 /* Assets.xcassets in Resources */,
			);
			runOnlyForDeploymentPostprocessing = 0;
		};
		9F895FA741DFA4CBE1C8DD09 /* Resources */ = {
			isa = PBXResourcesBuildPhase;
			buildActionMask = 2147483647;
			files = (
				0648566D2589D472F0413762 /* Assets.xcassets in Resources */,
				1CF161E6CA0FC639CF42CE63 /* Qwen3-0.6B-4bit in Resources */,
			);
			runOnlyForDeploymentPostprocessing = 0;
		};
		B7296D71E17A4BB4F84A0F15 /* Resources */ = {
			isa = PBXResourcesBuildPhase;
			buildActionMask = 2147483647;
			files = (
				99AA4206F5D1BA2FF4C6DD3D /* Assets.xcassets in Resources */,
				4DBFA9233C26DDEB7049630D /* Qwen3-0.6B-4bit in Resources */,
			);
			runOnlyForDeploymentPostprocessing = 0;
		};
/* End PBXResourcesBuildPhase section */

/* Begin PBXSourcesBuildPhase section */
		362A93D1BA0D6F36B2354C69 /* Sources */ = {
			isa = PBXSourcesBuildPhase;
			buildActionMask = 2147483647;
			files = (
				C9CF200D94495FFBAEA7FA37 /* AudioConstants.swift in Sources */,
				8C3723A863D6F1B1E3BDDC93 /* FormattingExtensions.swift in Sources */,
				B84E867E9F65474B0C93D3DF /* KeyboardHandoff.swift in Sources */,
				55E5EF8D8F25F9CB2F004DF9 /* KeyboardView.swift in Sources */,
				A60CF0894662CF1C4B6E2ABD /* KeyboardViewController.swift in Sources */,
				579753AFFD8E2094702404DD /* NoteTemplate.swift in Sources */,
				D564B3C8474F757F4DD291D3 /* SyncPayload.swift in Sources */,
				5CE3791D4401A16E5051E00F /* VoiceNote.swift in Sources */,
			);
			runOnlyForDeploymentPostprocessing = 0;
		};
		B138E345120AFA724C72940A /* Sources */ = {
			isa = PBXSourcesBuildPhase;
			buildActionMask = 2147483647;
			files = (
				61F408C2E43D4E8D9B0D1C27 /* VoxbriefWatchWidgets.swift in Sources */,
			);
			runOnlyForDeploymentPostprocessing = 0;
		};
		B7F157DB59EC61819EB59712 /* Sources */ = {
			isa = PBXSourcesBuildPhase;
			buildActionMask = 2147483647;
			files = (
				4277699DD73B200D23E0FA2B /* ASRServiceHelpersTests.swift in Sources */,
				11DA807354F3130FCE674588 /* DictionaryCorrectorTests.swift in Sources */,
				04A7C1C55D6A3448A20CEDEC /* FormattingExtensionsTests.swift in Sources */,
				A4084D5D0EE82481B4728AC5 /* KeyboardHandoffTests.swift in Sources */,
				691B6C26A9E7585D09DB058C /* LLMCopywriterServiceTests.swift in Sources */,
				0AD043C3BB7E0B09A1667977 /* NoteListViewModelTests.swift in Sources */,
				34A5560EA93CB6451772516B /* NoteProcessingPipelineTests.swift in Sources */,
				B31BAFA3116C01975E3C6AFC /* NoteRepositoryTests.swift in Sources */,
				4BF2DE9581C4EB5E0BA69348 /* PersonalDictionaryStoreTests.swift in Sources */,
				A808D4C88874D0E9F9B5E423 /* TemplateStoreTests.swift in Sources */,
				29A7E9237247703B7C122B19 /* WatchSyncServiceTests.swift in Sources */,
			);
			runOnlyForDeploymentPostprocessing = 0;
		};
		BBDEE9B7F98AB013A852E5DB /* Sources */ = {
			isa = PBXSourcesBuildPhase;
			buildActionMask = 2147483647;
			files = (
				67642845892E3B515B0D78D2 /* AudioConstants.swift in Sources */,
				84F9325B22C21FFC803309B0 /* CaptureWaveformView.swift in Sources */,
				87478723C6F1041048676D05 /* ExtensionDelegate.swift in Sources */,
				DE23A3F2D3F700A37D4AA4FC /* FormattingExtensions.swift in Sources */,
				596D2A7698F542FB058A8317 /* KeyboardHandoff.swift in Sources */,
				9B57A74F93E88D5B0C0714C9 /* NoteTemplate.swift in Sources */,
				E820F921C0CB44339F74C770 /* SyncPayload.swift in Sources */,
				5A9747356B47EEBC29B887B5 /* VoiceNote.swift in Sources */,
				EACCE41A539C3FB1E8B76E71 /* VoiceNoteActivityAttributes.swift in Sources */,
				7D5BFD35B7EED990ABD3D552 /* VoxbriefWatchApp.swift in Sources */,
				5208B51DEF855BC15E07468D /* WatchAudioRecorder.swift in Sources */,
				7B82D093883725D30E45366C /* WatchMainRecordView.swift in Sources */,
				4B056B84EC62B04E005A0F43 /* WatchNotesListView.swift in Sources */,
				845CFE1177B9118D762C4B21 /* WatchStorage.swift in Sources */,
				7F41AF3BB8FD3A30117A83DA /* WatchSyncService.swift in Sources */,
			);
			runOnlyForDeploymentPostprocessing = 0;
		};
		CBEEEC8BFDC99C939C64B844 /* Sources */ = {
			isa = PBXSourcesBuildPhase;
			buildActionMask = 2147483647;
			files = (
				9FDF6E8ED886E932926D1504 /* VoiceNoteActivityAttributes.swift in Sources */,
				9C867C1A7E73EB35DDFDB8FC /* VoxbriefLiveActivity.swift in Sources */,
			);
			runOnlyForDeploymentPostprocessing = 0;
		};
		D354A29E5E69D4A3EBB3FA9B /* Sources */ = {
			isa = PBXSourcesBuildPhase;
			buildActionMask = 2147483647;
			files = (
				1619FD1E6146DC91861DAE7B /* ASRService.swift in Sources */,
				B573595E0689A89D4E29A477 /* AudioConstants.swift in Sources */,
				5BB8B8634927112B555DB910 /* AudioFileManager.swift in Sources */,
				0F3402B7A31F2FBC8F90A113 /* AudioPlaybackService.swift in Sources */,
				4F7C18686C7D1DC467E52161 /* AudioRecordingService.swift in Sources */,
				DCDE66379E089E740318E929 /* CaptureWaveformView.swift in Sources */,
				ECCD86C67706C6FB7641FDE3 /* DictionaryCorrector.swift in Sources */,
				12F7739BB4B4B4DEC309F902 /* DictionaryEntry.swift in Sources */,
				2550CDDFC2FBAD0D6C9CE25E /* DictionaryEntryEditView.swift in Sources */,
				15B55313D15D673F92B12C6B /* FormattingExtensions.swift in Sources */,
				C62F31CCF5357A78F21C47A5 /* KeyboardHandoff.swift in Sources */,
				786A6E2CADE1460308135F30 /* KeyboardRecordSheet.swift in Sources */,
				CC8A8294AA9C21B91FA4CB8C /* KeyboardSetupStatus.swift in Sources */,
				97423C8D59C66715E3817F3A /* LLMCopywriterService.swift in Sources */,
				D99F810CE255C259E1726018 /* LiveActivityManager.swift in Sources */,
				8EFFC638DE223E39D228C688 /* MarkdownLiteText.swift in Sources */,
				323928B1ACEEF960BF7791FA /* NoteCompletionNotifier.swift in Sources */,
				A43DE437BF1B5614D5BAB5E7 /* NoteDetailView.swift in Sources */,
				F39F847D156570E22EC28858 /* NoteDetailViewModel.swift in Sources */,
				0B5921AC2A3160AAF042406A /* NoteListView.swift in Sources */,
				57711FA260DA9B0BE7DA8F44 /* NoteListViewModel.swift in Sources */,
				7524CA93D74217B1B6652CB9 /* NoteMergePickerSheet.swift in Sources */,
				385DAF7EA122261732E3B57D /* NoteProcessingPipeline.swift in Sources */,
				42B91CC41B6C79D2A68C0DE1 /* NoteRepository.swift in Sources */,
				8A33B8791FF0B81B31C2EB69 /* NoteRowView.swift in Sources */,
				B251DF3E962992EACB6E51B7 /* NoteTemplate.swift in Sources */,
				B6AC1161972BFA9EB301A4B9 /* OnDeviceLLMService.swift in Sources */,
				2338B06275B314ABB2F489C3 /* OnboardingView.swift in Sources */,
				4A2ABDE0C5875306300E17FB /* PersonalDictionaryStore.swift in Sources */,
				E23BCA997624918D6E0BA43C /* PersonalDictionaryView.swift in Sources */,
				7B601703CC60D67467A0BF51 /* PlatformUI.swift in Sources */,
				FA66D9682EE62937A5BDEEBB /* QuickRecordSheet.swift in Sources */,
				EAB97948647254097F03D47D /* RecordingCoordinator.swift in Sources */,
				99C50F6E5DA466503D6155E0 /* SettingsView.swift in Sources */,
				5E5BDB04ACA4C9DA8D990692 /* SyncPayload.swift in Sources */,
				6EFD59944A2D0C5BE2124937 /* TemplateDetailView.swift in Sources */,
				64449EC42EE8123A116A08EB /* TemplateEditView.swift in Sources */,
				7C84767C95B95014B9F8603F /* TemplateStore.swift in Sources */,
				062F0A4ACE8294D820ABAA0D /* TemplatesView.swift in Sources */,
				F5C9810D4553F163281C72F5 /* VoiceNote.swift in Sources */,
				CF522D7A437072483BE0EF9A /* VoiceNoteActivityAttributes.swift in Sources */,
				936364B94D1E1E7839A01DC9 /* VoxbriefApp.swift in Sources */,
				56805164ECBD8AFC31789CD4 /* VoxbriefLogoView.swift in Sources */,
				B3D2E5CCE28D62709F3D12D5 /* WatchSyncService.swift in Sources */,
				2D4CF8A23ED4AE84CB00AE5B /* WatchSyncStatusView.swift in Sources */,
			);
			runOnlyForDeploymentPostprocessing = 0;
		};
		D81F884A6225149911CFCE62 /* Sources */ = {
			isa = PBXSourcesBuildPhase;
			buildActionMask = 2147483647;
			files = (
				D2192BBB74F331C695132976 /* ASRService.swift in Sources */,
				BAD2245B1C48E6D0BF8E10BB /* AccessibilityPermissionManager.swift in Sources */,
				17A21F6B7399E5413B80DF0E /* AudioConstants.swift in Sources */,
				945E814C8C7BD00FFAE02B83 /* AudioFileManager.swift in Sources */,
				20EF7A5682F5F8A870B2A9D0 /* AudioPlaybackService.swift in Sources */,
				CDFA9F1211A2F2E5993DD218 /* CaptureCoordinator.swift in Sources */,
				C4711C0DE2015BF180A7077A /* CaptureWaveformView.swift in Sources */,
				9D9217FE131009665D20487F /* DictionaryCorrector.swift in Sources */,
				0473F467D03D78330B7B0432 /* DictionaryEntry.swift in Sources */,
				AC516D74FDEFF94F2309199B /* DictionaryEntryEditView.swift in Sources */,
				30E4F805542B50692A1BC813 /* FeedbackShortcut.swift in Sources */,
				D7A10B5FEDFBABA164E6386D /* FeedbackShortcutStore.swift in Sources */,
				A86C54BEF5F63D130A04800A /* FormattingExtensions.swift in Sources */,
				07E7D0A5CFA489DB1EBFA7D1 /* GlobalHotkeyManager.swift in Sources */,
				023362F4B7173F4218B8D128 /* KeyboardHandoff.swift in Sources */,
				BC2CE7EB4558C82A86E19B14 /* LLMCopywriterService.swift in Sources */,
				2EE6397EB9199A3EFDFE3F97 /* MacAddRecordingSheet.swift in Sources */,
				6FF5EDD32BA1B009FF22B000 /* MacAudioRecorderService.swift in Sources */,
				00DE4614C618FC2A873DD7FF /* MacFeedbackPresenter.swift in Sources */,
				D2D11004C7EE1405DA03C708 /* MarkdownLiteText.swift in Sources */,
				BD85B8FD65199388DF835C50 /* MicrophonePermissionManager.swift in Sources */,
				FC46BA9131E163CA0959E701 /* NoteDetailView.swift in Sources */,
				B767D9AF88EC26625026A42E /* NoteDetailViewModel.swift in Sources */,
				47CBBC52F36344B462A01B3F /* NoteListViewModel.swift in Sources */,
				8190A14A3B9BBC9FEA1503DD /* NoteMergePickerSheet.swift in Sources */,
				71CB99209CAB27623629CD5C /* NoteProcessingPipeline.swift in Sources */,
				0B587A31DFB9C2203516E112 /* NoteRepository.swift in Sources */,
				A155FBBE8E8FF88CE47060DE /* NoteRowView.swift in Sources */,
				83F6880BB0A3B7957B94806A /* NoteTemplate.swift in Sources */,
				FA6CACB143D1EFD970F7F47B /* NotesBrowserView.swift in Sources */,
				107D5004793FF7D2587620AF /* OnDeviceLLMService.swift in Sources */,
				12A0247B2F72CDDDB6B61ABF /* OverlayView.swift in Sources */,
				41E4356939685BCA41DE71AA /* OverlayWindowController.swift in Sources */,
				E8496FC62FF5A7CE92419DEA /* PasteInjector.swift in Sources */,
				585B76CB8C6C5E401F3001C3 /* PersonalDictionaryStore.swift in Sources */,
				9122BA49C3A6CF15D321FC14 /* PersonalDictionaryView.swift in Sources */,
				49148D29E3161E1F6859E6CD /* PlatformUI.swift in Sources */,
				B6905623D3E79C67D0815966 /* PreferencesView.swift in Sources */,
				36FCFED4761E494C449A67EF /* SyncPayload.swift in Sources */,
				80650E05F1C3663BC7FE7915 /* TemplateDetailView.swift in Sources */,
				D0D4AF5513324D94E0624D1C /* TemplateEditView.swift in Sources */,
				5A989A4109E4CAA2AF7A610B /* TemplateStore.swift in Sources */,
				9351DBB440E3CFFF52B84AEC /* TemplatesView.swift in Sources */,
				267A23EAAF919E87855480BA /* UpdateChecker.swift in Sources */,
				A776179D6CD268994C97CE8B /* VoiceNote.swift in Sources */,
				CB36FED367B66F0719E37778 /* VoxbriefMacApp.swift in Sources */,
			);
			runOnlyForDeploymentPostprocessing = 0;
		};
		D8FDBC4293CAE9C7E2EE101B /* Sources */ = {
			isa = PBXSourcesBuildPhase;
			buildActionMask = 2147483647;
			files = (
				EB714002C57569EB559FA748 /* FeedbackShortcutTests.swift in Sources */,
			);
			runOnlyForDeploymentPostprocessing = 0;
		};
/* End PBXSourcesBuildPhase section */

/* Begin PBXTargetDependency section */
		0F135CBEB1A59C8C07FE6A53 /* PBXTargetDependency */ = {
			isa = PBXTargetDependency;
			target = 37352116B16272A1D780DF2D /* Voxbrief */;
			targetProxy = A128B3EE4D0763CE36F47B6F /* PBXContainerItemProxy */;
		};
		131EA4B2A494544BC99E8EB9 /* PBXTargetDependency */ = {
			isa = PBXTargetDependency;
			target = E817BB0ABEC329AE291877EC /* VoxbriefWatchWidgets */;
			targetProxy = 6508DD8E201F7173F55A5208 /* PBXContainerItemProxy */;
		};
		365A987A6A53AD11964A1DEC /* PBXTargetDependency */ = {
			isa = PBXTargetDependency;
			target = E1776B3060ABFCE1C160CC43 /* VoxbriefWidgets */;
			targetProxy = DEAEAF11A45191D40415D7CA /* PBXContainerItemProxy */;
		};
		3C41409BE668BD40711A1240 /* PBXTargetDependency */ = {
			isa = PBXTargetDependency;
			target = CC23F4EAFB9EE223EC6B90D7 /* VoxbriefKeyboard */;
			targetProxy = 704E6E9E4A99C8A296411D61 /* PBXContainerItemProxy */;
		};
		65799C023138BF302035644C /* PBXTargetDependency */ = {
			isa = PBXTargetDependency;
			target = 7CFB19EE60B3ECE261FD7585 /* VoxbriefMac */;
			targetProxy = 4FCA05500E136E425D7AEA03 /* PBXContainerItemProxy */;
		};
		E2E42D8DD70EEFEF2914D3E0 /* PBXTargetDependency */ = {
			isa = PBXTargetDependency;
			target = 98AF90C393567ADA1B2E4ADF /* VoxbriefWatch */;
			targetProxy = E2E7D8741B5B8D50EF059F3F /* PBXContainerItemProxy */;
		};
/* End PBXTargetDependency section */

/* Begin XCBuildConfiguration section */
		0614445AB05A07C8AF246906 /* Debug */ = {
			isa = XCBuildConfiguration;
			buildSettings = {
				ASSETCATALOG_COMPILER_APPICON_NAME = AppIcon;
				ASSETCATALOG_COMPILER_GLOBAL_ACCENT_COLOR_NAME = AccentColor;
				INFOPLIST_FILE = VoxbriefWatch/App/Info.plist;
				PRODUCT_BUNDLE_IDENTIFIER = com.jacksonzhou666.voxbrief.app.watchkitapp;
				SDKROOT = watchos;
				SKIP_INSTALL = YES;
				TARGETED_DEVICE_FAMILY = 4;
				WATCHOS_DEPLOYMENT_TARGET = 10.0;
			};
			name = Debug;
		};
		192938261CD4F94048DBB7A9 /* Release */ = {
			isa = XCBuildConfiguration;
			buildSettings = {
				ASSETCATALOG_COMPILER_APPICON_NAME = AppIcon;
				ASSETCATALOG_COMPILER_GLOBAL_ACCENT_COLOR_NAME = AccentColor;
				INFOPLIST_FILE = VoxbriefWatch/App/Info.plist;
				PRODUCT_BUNDLE_IDENTIFIER = com.jacksonzhou666.voxbrief.app.watchkitapp;
				SDKROOT = watchos;
				SKIP_INSTALL = YES;
				TARGETED_DEVICE_FAMILY = 4;
				WATCHOS_DEPLOYMENT_TARGET = 10.0;
			};
			name = Release;
		};
		26A92C65368E305EF66668DB /* Release */ = {
			isa = XCBuildConfiguration;
			buildSettings = {
				CODE_SIGN_ENTITLEMENTS = VoxbriefKeyboard/Keyboard.entitlements;
				INFOPLIST_FILE = VoxbriefKeyboard/Info.plist;
				IPHONEOS_DEPLOYMENT_TARGET = 17.0;
				LD_RUNPATH_SEARCH_PATHS = (
					"$(inherited)",
					"@executable_path/Frameworks",
					"@executable_path/../../Frameworks",
				);
				PRODUCT_BUNDLE_IDENTIFIER = com.jacksonzhou666.voxbrief.app.keyboard;
				SDKROOT = iphoneos;
				TARGETED_DEVICE_FAMILY = "1,2";
			};
			name = Release;
		};
		4B0E45617C147238E0E802D0 /* Release */ = {
			isa = XCBuildConfiguration;
			buildSettings = {
				BUNDLE_LOADER = "$(TEST_HOST)";
				COMBINE_HIDPI_IMAGES = YES;
				LD_RUNPATH_SEARCH_PATHS = (
					"$(inherited)",
					"@executable_path/../Frameworks",
					"@loader_path/../Frameworks",
				);
				MACOSX_DEPLOYMENT_TARGET = 14.0;
				PRODUCT_BUNDLE_IDENTIFIER = com.jacksonzhou666.voxbrief.mac.tests;
				SDKROOT = macosx;
				TEST_HOST = "$(BUILT_PRODUCTS_DIR)/VoxbriefMac.app/Contents/MacOS/VoxbriefMac";
			};
			name = Release;
		};
		5023233472FB06568C9BD97E /* Release */ = {
			isa = XCBuildConfiguration;
			buildSettings = {
				BUNDLE_LOADER = "$(TEST_HOST)";
				IPHONEOS_DEPLOYMENT_TARGET = 17.0;
				LD_RUNPATH_SEARCH_PATHS = (
					"$(inherited)",
					"@executable_path/Frameworks",
					"@loader_path/Frameworks",
				);
				PRODUCT_BUNDLE_IDENTIFIER = com.jacksonzhou666.voxbrief.tests;
				SDKROOT = iphoneos;
				TARGETED_DEVICE_FAMILY = "1,2";
				TEST_HOST = "$(BUILT_PRODUCTS_DIR)/Voxbrief.app/Voxbrief";
			};
			name = Release;
		};
		51635E5B19261EDF05959A7F /* Release */ = {
			isa = XCBuildConfiguration;
			buildSettings = {
				ASSETCATALOG_COMPILER_APPICON_NAME = AppIcon;
				ASSETCATALOG_COMPILER_GLOBAL_ACCENT_COLOR_NAME = AccentColor;
				CODE_SIGN_ENTITLEMENTS = VoxbriefApp/Voxbrief.entitlements;
				CODE_SIGN_IDENTITY = "iPhone Developer";
				INFOPLIST_FILE = VoxbriefApp/App/Info.plist;
				IPHONEOS_DEPLOYMENT_TARGET = 17.0;
				LD_RUNPATH_SEARCH_PATHS = (
					"$(inherited)",
					"@executable_path/Frameworks",
				);
				PRODUCT_BUNDLE_IDENTIFIER = com.jacksonzhou666.voxbrief.app;
				SDKROOT = iphoneos;
				TARGETED_DEVICE_FAMILY = "1,2";
			};
			name = Release;
		};
		72686414E95D13E208A8D8F3 /* Debug */ = {
			isa = XCBuildConfiguration;
			buildSettings = {
				INFOPLIST_FILE = VoxbriefWidgets/Info.plist;
				INFOPLIST_KEY_NSExtensionPointIdentifier = "com.apple.widgetkit-extension";
				IPHONEOS_DEPLOYMENT_TARGET = 17.0;
				LD_RUNPATH_SEARCH_PATHS = (
					"$(inherited)",
					"@executable_path/Frameworks",
					"@executable_path/../../Frameworks",
				);
				PRODUCT_BUNDLE_IDENTIFIER = com.jacksonzhou666.voxbrief.app.widgets;
				SDKROOT = iphoneos;
				TARGETED_DEVICE_FAMILY = "1,2";
			};
			name = Debug;
		};
		72BA7A3605962A8D4486A339 /* Debug */ = {
			isa = XCBuildConfiguration;
			buildSettings = {
				ASSETCATALOG_COMPILER_APPICON_NAME = AppIcon;
				ASSETCATALOG_COMPILER_GLOBAL_ACCENT_COLOR_NAME = AccentColor;
				CODE_SIGN_ENTITLEMENTS = VoxbriefApp/Voxbrief.entitlements;
				CODE_SIGN_IDENTITY = "iPhone Developer";
				INFOPLIST_FILE = VoxbriefApp/App/Info.plist;
				IPHONEOS_DEPLOYMENT_TARGET = 17.0;
				LD_RUNPATH_SEARCH_PATHS = (
					"$(inherited)",
					"@executable_path/Frameworks",
				);
				PRODUCT_BUNDLE_IDENTIFIER = com.jacksonzhou666.voxbrief.app;
				SDKROOT = iphoneos;
				TARGETED_DEVICE_FAMILY = "1,2";
			};
			name = Debug;
		};
		7AB30EDAB559B1DEE4DE7F62 /* Debug */ = {
			isa = XCBuildConfiguration;
			buildSettings = {
				BUNDLE_LOADER = "$(TEST_HOST)";
				IPHONEOS_DEPLOYMENT_TARGET = 17.0;
				LD_RUNPATH_SEARCH_PATHS = (
					"$(inherited)",
					"@executable_path/Frameworks",
					"@loader_path/Frameworks",
				);
				PRODUCT_BUNDLE_IDENTIFIER = com.jacksonzhou666.voxbrief.tests;
				SDKROOT = iphoneos;
				TARGETED_DEVICE_FAMILY = "1,2";
				TEST_HOST = "$(BUILT_PRODUCTS_DIR)/Voxbrief.app/Voxbrief";
			};
			name = Debug;
		};
		7AC15A13A053EC6AF8AF1F3C /* Release */ = {
			isa = XCBuildConfiguration;
			buildSettings = {
				ALWAYS_SEARCH_USER_PATHS = NO;
				CLANG_ANALYZER_NONNULL = YES;
				CLANG_ANALYZER_NUMBER_OBJECT_CONVERSION = YES_AGGRESSIVE;
				CLANG_CXX_LANGUAGE_STANDARD = "gnu++14";
				CLANG_CXX_LIBRARY = "libc++";
				CLANG_ENABLE_MODULES = YES;
				CLANG_ENABLE_OBJC_ARC = YES;
				CLANG_ENABLE_OBJC_WEAK = YES;
				CLANG_WARN_BLOCK_CAPTURE_AUTORELEASING = YES;
				CLANG_WARN_BOOL_CONVERSION = YES;
				CLANG_WARN_COMMA = YES;
				CLANG_WARN_CONSTANT_CONVERSION = YES;
				CLANG_WARN_DEPRECATED_OBJC_IMPLEMENTATIONS = YES;
				CLANG_WARN_DIRECT_OBJC_ISA_USAGE = YES_ERROR;
				CLANG_WARN_DOCUMENTATION_COMMENTS = YES;
				CLANG_WARN_EMPTY_BODY = YES;
				CLANG_WARN_ENUM_CONVERSION = YES;
				CLANG_WARN_INFINITE_RECURSION = YES;
				CLANG_WARN_INT_CONVERSION = YES;
				CLANG_WARN_NON_LITERAL_NULL_CONVERSION = YES;
				CLANG_WARN_OBJC_IMPLICIT_RETAIN_SELF = YES;
				CLANG_WARN_OBJC_LITERAL_CONVERSION = YES;
				CLANG_WARN_OBJC_ROOT_CLASS = YES_ERROR;
				CLANG_WARN_QUOTED_INCLUDE_IN_FRAMEWORK_HEADER = YES;
				CLANG_WARN_RANGE_LOOP_ANALYSIS = YES;
				CLANG_WARN_STRICT_PROTOTYPES = YES;
				CLANG_WARN_SUSPICIOUS_MOVE = YES;
				CLANG_WARN_UNGUARDED_AVAILABILITY = YES_AGGRESSIVE;
				CLANG_WARN_UNREACHABLE_CODE = YES;
				CLANG_WARN__DUPLICATE_METHOD_MATCH = YES;
				CODE_SIGNING_ALLOWED = NO;
				CODE_SIGNING_REQUIRED = NO;
				CODE_SIGN_IDENTITY = "";
				COPY_PHASE_STRIP = NO;
				CURRENT_PROJECT_VERSION = 1;
				DEBUG_INFORMATION_FORMAT = "dwarf-with-dsym";
				DEVELOPMENT_TEAM = "";
				ENABLE_NS_ASSERTIONS = NO;
				ENABLE_STRICT_OBJC_MSGSEND = YES;
				GCC_C_LANGUAGE_STANDARD = gnu11;
				GCC_NO_COMMON_BLOCKS = YES;
				GCC_WARN_64_TO_32_BIT_CONVERSION = YES;
				GCC_WARN_ABOUT_RETURN_TYPE = YES_ERROR;
				GCC_WARN_UNDECLARED_SELECTOR = YES;
				GCC_WARN_UNINITIALIZED_AUTOS = YES_AGGRESSIVE;
				GCC_WARN_UNUSED_FUNCTION = YES;
				GCC_WARN_UNUSED_VARIABLE = YES;
				MARKETING_VERSION = 1.1;
				MTL_ENABLE_DEBUG_INFO = NO;
				MTL_FAST_MATH = YES;
				PRODUCT_NAME = "$(TARGET_NAME)";
				SWIFT_COMPILATION_MODE = wholemodule;
				SWIFT_OPTIMIZATION_LEVEL = "-O";
				SWIFT_VERSION = 5.0;
			};
			name = Release;
		};
		88F5A86C3D10038742B3DC67 /* Debug */ = {
			isa = XCBuildConfiguration;
			buildSettings = {
				BUNDLE_LOADER = "$(TEST_HOST)";
				COMBINE_HIDPI_IMAGES = YES;
				LD_RUNPATH_SEARCH_PATHS = (
					"$(inherited)",
					"@executable_path/../Frameworks",
					"@loader_path/../Frameworks",
				);
				MACOSX_DEPLOYMENT_TARGET = 14.0;
				PRODUCT_BUNDLE_IDENTIFIER = com.jacksonzhou666.voxbrief.mac.tests;
				SDKROOT = macosx;
				TEST_HOST = "$(BUILT_PRODUCTS_DIR)/VoxbriefMac.app/Contents/MacOS/VoxbriefMac";
			};
			name = Debug;
		};
		90D20040346D623B2D89EB4E /* Debug */ = {
			isa = XCBuildConfiguration;
			buildSettings = {
				ASSETCATALOG_COMPILER_APPICON_NAME = AppIcon;
				CODE_SIGN_ENTITLEMENTS = VoxbriefMac/Entitlements.plist;
				COMBINE_HIDPI_IMAGES = YES;
				INFOPLIST_FILE = VoxbriefMac/App/Info.plist;
				LD_RUNPATH_SEARCH_PATHS = (
					"$(inherited)",
					"@executable_path/../Frameworks",
				);
				MACOSX_DEPLOYMENT_TARGET = 14.0;
				PRODUCT_BUNDLE_IDENTIFIER = com.jacksonzhou666.voxbrief.mac;
				SDKROOT = macosx;
			};
			name = Debug;
		};
		9F6C768FE9ACB5636FBACEAC /* Debug */ = {
			isa = XCBuildConfiguration;
			buildSettings = {
				ALWAYS_SEARCH_USER_PATHS = NO;
				CLANG_ANALYZER_NONNULL = YES;
				CLANG_ANALYZER_NUMBER_OBJECT_CONVERSION = YES_AGGRESSIVE;
				CLANG_CXX_LANGUAGE_STANDARD = "gnu++14";
				CLANG_CXX_LIBRARY = "libc++";
				CLANG_ENABLE_MODULES = YES;
				CLANG_ENABLE_OBJC_ARC = YES;
				CLANG_ENABLE_OBJC_WEAK = YES;
				CLANG_WARN_BLOCK_CAPTURE_AUTORELEASING = YES;
				CLANG_WARN_BOOL_CONVERSION = YES;
				CLANG_WARN_COMMA = YES;
				CLANG_WARN_CONSTANT_CONVERSION = YES;
				CLANG_WARN_DEPRECATED_OBJC_IMPLEMENTATIONS = YES;
				CLANG_WARN_DIRECT_OBJC_ISA_USAGE = YES_ERROR;
				CLANG_WARN_DOCUMENTATION_COMMENTS = YES;
				CLANG_WARN_EMPTY_BODY = YES;
				CLANG_WARN_ENUM_CONVERSION = YES;
				CLANG_WARN_INFINITE_RECURSION = YES;
				CLANG_WARN_INT_CONVERSION = YES;
				CLANG_WARN_NON_LITERAL_NULL_CONVERSION = YES;
				CLANG_WARN_OBJC_IMPLICIT_RETAIN_SELF = YES;
				CLANG_WARN_OBJC_LITERAL_CONVERSION = YES;
				CLANG_WARN_OBJC_ROOT_CLASS = YES_ERROR;
				CLANG_WARN_QUOTED_INCLUDE_IN_FRAMEWORK_HEADER = YES;
				CLANG_WARN_RANGE_LOOP_ANALYSIS = YES;
				CLANG_WARN_STRICT_PROTOTYPES = YES;
				CLANG_WARN_SUSPICIOUS_MOVE = YES;
				CLANG_WARN_UNGUARDED_AVAILABILITY = YES_AGGRESSIVE;
				CLANG_WARN_UNREACHABLE_CODE = YES;
				CLANG_WARN__DUPLICATE_METHOD_MATCH = YES;
				CODE_SIGNING_ALLOWED = NO;
				CODE_SIGNING_REQUIRED = NO;
				CODE_SIGN_IDENTITY = "";
				COPY_PHASE_STRIP = NO;
				CURRENT_PROJECT_VERSION = 1;
				DEBUG_INFORMATION_FORMAT = dwarf;
				DEVELOPMENT_TEAM = "";
				ENABLE_STRICT_OBJC_MSGSEND = YES;
				ENABLE_TESTABILITY = YES;
				GCC_C_LANGUAGE_STANDARD = gnu11;
				GCC_DYNAMIC_NO_PIC = NO;
				GCC_NO_COMMON_BLOCKS = YES;
				GCC_OPTIMIZATION_LEVEL = 0;
				GCC_PREPROCESSOR_DEFINITIONS = (
					"$(inherited)",
					"DEBUG=1",
				);
				GCC_WARN_64_TO_32_BIT_CONVERSION = YES;
				GCC_WARN_ABOUT_RETURN_TYPE = YES_ERROR;
				GCC_WARN_UNDECLARED_SELECTOR = YES;
				GCC_WARN_UNINITIALIZED_AUTOS = YES_AGGRESSIVE;
				GCC_WARN_UNUSED_FUNCTION = YES;
				GCC_WARN_UNUSED_VARIABLE = YES;
				MARKETING_VERSION = 1.1;
				MTL_ENABLE_DEBUG_INFO = INCLUDE_SOURCE;
				MTL_FAST_MATH = YES;
				ONLY_ACTIVE_ARCH = YES;
				PRODUCT_NAME = "$(TARGET_NAME)";
				SWIFT_ACTIVE_COMPILATION_CONDITIONS = DEBUG;
				SWIFT_OPTIMIZATION_LEVEL = "-Onone";
				SWIFT_VERSION = 5.0;
			};
			name = Debug;
		};
		9FF31E30C14DBC1F1FE1F4A0 /* Debug */ = {
			isa = XCBuildConfiguration;
			buildSettings = {
				INFOPLIST_FILE = VoxbriefWatchWidgets/Info.plist;
				INFOPLIST_KEY_NSExtensionPointIdentifier = "com.apple.widgetkit-extension";
				INFOPLIST_KEY_WKAppBundleIdentifier = com.jacksonzhou666.voxbrief.app.watchkitapp;
				LD_RUNPATH_SEARCH_PATHS = (
					"$(inherited)",
					"@executable_path/Frameworks",
					"@executable_path/../../Frameworks",
				);
				PRODUCT_BUNDLE_IDENTIFIER = com.jacksonzhou666.voxbrief.app.watchkitapp.widgets;
				SDKROOT = watchos;
				SKIP_INSTALL = YES;
				TARGETED_DEVICE_FAMILY = 4;
				WATCHOS_DEPLOYMENT_TARGET = 10.0;
			};
			name = Debug;
		};
		B2703CDC94350D5E2DAE5E40 /* Release */ = {
			isa = XCBuildConfiguration;
			buildSettings = {
				INFOPLIST_FILE = VoxbriefWatchWidgets/Info.plist;
				INFOPLIST_KEY_NSExtensionPointIdentifier = "com.apple.widgetkit-extension";
				INFOPLIST_KEY_WKAppBundleIdentifier = com.jacksonzhou666.voxbrief.app.watchkitapp;
				LD_RUNPATH_SEARCH_PATHS = (
					"$(inherited)",
					"@executable_path/Frameworks",
					"@executable_path/../../Frameworks",
				);
				PRODUCT_BUNDLE_IDENTIFIER = com.jacksonzhou666.voxbrief.app.watchkitapp.widgets;
				SDKROOT = watchos;
				SKIP_INSTALL = YES;
				TARGETED_DEVICE_FAMILY = 4;
				WATCHOS_DEPLOYMENT_TARGET = 10.0;
			};
			name = Release;
		};
		B2BD9B1E6265B5B61DD4893C /* Debug */ = {
			isa = XCBuildConfiguration;
			buildSettings = {
				CODE_SIGN_ENTITLEMENTS = VoxbriefKeyboard/Keyboard.entitlements;
				INFOPLIST_FILE = VoxbriefKeyboard/Info.plist;
				IPHONEOS_DEPLOYMENT_TARGET = 17.0;
				LD_RUNPATH_SEARCH_PATHS = (
					"$(inherited)",
					"@executable_path/Frameworks",
					"@executable_path/../../Frameworks",
				);
				PRODUCT_BUNDLE_IDENTIFIER = com.jacksonzhou666.voxbrief.app.keyboard;
				SDKROOT = iphoneos;
				TARGETED_DEVICE_FAMILY = "1,2";
			};
			name = Debug;
		};
		ED0E2FDC56D17CC7B4615D33 /* Release */ = {
			isa = XCBuildConfiguration;
			buildSettings = {
				INFOPLIST_FILE = VoxbriefWidgets/Info.plist;
				INFOPLIST_KEY_NSExtensionPointIdentifier = "com.apple.widgetkit-extension";
				IPHONEOS_DEPLOYMENT_TARGET = 17.0;
				LD_RUNPATH_SEARCH_PATHS = (
					"$(inherited)",
					"@executable_path/Frameworks",
					"@executable_path/../../Frameworks",
				);
				PRODUCT_BUNDLE_IDENTIFIER = com.jacksonzhou666.voxbrief.app.widgets;
				SDKROOT = iphoneos;
				TARGETED_DEVICE_FAMILY = "1,2";
			};
			name = Release;
		};
		F0842B532E34B58A7ED9F01C /* Release */ = {
			isa = XCBuildConfiguration;
			buildSettings = {
				ASSETCATALOG_COMPILER_APPICON_NAME = AppIcon;
				CODE_SIGN_ENTITLEMENTS = VoxbriefMac/Entitlements.plist;
				COMBINE_HIDPI_IMAGES = YES;
				INFOPLIST_FILE = VoxbriefMac/App/Info.plist;
				LD_RUNPATH_SEARCH_PATHS = (
					"$(inherited)",
					"@executable_path/../Frameworks",
				);
				MACOSX_DEPLOYMENT_TARGET = 14.0;
				PRODUCT_BUNDLE_IDENTIFIER = com.jacksonzhou666.voxbrief.mac;
				SDKROOT = macosx;
			};
			name = Release;
		};
/* End XCBuildConfiguration section */

/* Begin XCConfigurationList section */
		04D268164B7F8398EBD8B9D7 /* Build configuration list for PBXNativeTarget "VoxbriefMacTests" */ = {
			isa = XCConfigurationList;
			buildConfigurations = (
				88F5A86C3D10038742B3DC67 /* Debug */,
				4B0E45617C147238E0E802D0 /* Release */,
			);
			defaultConfigurationIsVisible = 0;
			defaultConfigurationName = Debug;
		};
		06A1D4045B31F0A1031C50BA /* Build configuration list for PBXNativeTarget "VoxbriefKeyboard" */ = {
			isa = XCConfigurationList;
			buildConfigurations = (
				B2BD9B1E6265B5B61DD4893C /* Debug */,
				26A92C65368E305EF66668DB /* Release */,
			);
			defaultConfigurationIsVisible = 0;
			defaultConfigurationName = Debug;
		};
		19D2B6D0F948D885FA3A2E5A /* Build configuration list for PBXProject "Voxbrief" */ = {
			isa = XCConfigurationList;
			buildConfigurations = (
				9F6C768FE9ACB5636FBACEAC /* Debug */,
				7AC15A13A053EC6AF8AF1F3C /* Release */,
			);
			defaultConfigurationIsVisible = 0;
			defaultConfigurationName = Debug;
		};
		3CA1B4929BC0B21623BF17FA /* Build configuration list for PBXNativeTarget "Voxbrief" */ = {
			isa = XCConfigurationList;
			buildConfigurations = (
				72BA7A3605962A8D4486A339 /* Debug */,
				51635E5B19261EDF05959A7F /* Release */,
			);
			defaultConfigurationIsVisible = 0;
			defaultConfigurationName = Debug;
		};
		488303D63F27F666C024C181 /* Build configuration list for PBXNativeTarget "VoxbriefTests" */ = {
			isa = XCConfigurationList;
			buildConfigurations = (
				7AB30EDAB559B1DEE4DE7F62 /* Debug */,
				5023233472FB06568C9BD97E /* Release */,
			);
			defaultConfigurationIsVisible = 0;
			defaultConfigurationName = Debug;
		};
		6347F7B5CEAEB407CF110F32 /* Build configuration list for PBXNativeTarget "VoxbriefWidgets" */ = {
			isa = XCConfigurationList;
			buildConfigurations = (
				72686414E95D13E208A8D8F3 /* Debug */,
				ED0E2FDC56D17CC7B4615D33 /* Release */,
			);
			defaultConfigurationIsVisible = 0;
			defaultConfigurationName = Debug;
		};
		9ECDD60325CD10C71BF6B8DA /* Build configuration list for PBXNativeTarget "VoxbriefWatchWidgets" */ = {
			isa = XCConfigurationList;
			buildConfigurations = (
				9FF31E30C14DBC1F1FE1F4A0 /* Debug */,
				B2703CDC94350D5E2DAE5E40 /* Release */,
			);
			defaultConfigurationIsVisible = 0;
			defaultConfigurationName = Debug;
		};
		D67E12F2F3D879FEEC2BAB90 /* Build configuration list for PBXNativeTarget "VoxbriefMac" */ = {
			isa = XCConfigurationList;
			buildConfigurations = (
				90D20040346D623B2D89EB4E /* Debug */,
				F0842B532E34B58A7ED9F01C /* Release */,
			);
			defaultConfigurationIsVisible = 0;
			defaultConfigurationName = Debug;
		};
		E23C0AD22EFDDA5BF2411182 /* Build configuration list for PBXNativeTarget "VoxbriefWatch" */ = {
			isa = XCConfigurationList;
			buildConfigurations = (
				0614445AB05A07C8AF246906 /* Debug */,
				192938261CD4F94048DBB7A9 /* Release */,
			);
			defaultConfigurationIsVisible = 0;
			defaultConfigurationName = Debug;
		};
/* End XCConfigurationList section */

/* Begin XCRemoteSwiftPackageReference section */
		2154F9A9B7BCA54BFB72DC64 /* XCRemoteSwiftPackageReference "mlx-swift-examples" */ = {
			isa = XCRemoteSwiftPackageReference;
			repositoryURL = "https://github.com/ml-explore/mlx-swift-examples";
			requirement = {
				kind = exactVersion;
				version = 2.29.1;
			};
		};
		5FA083E011276BDBA1332C19 /* XCRemoteSwiftPackageReference "argmax-oss-swift" */ = {
			isa = XCRemoteSwiftPackageReference;
			repositoryURL = "https://github.com/argmaxinc/argmax-oss-swift";
			requirement = {
				kind = upToNextMajorVersion;
				minimumVersion = 1.1.0;
			};
		};
		DAF76B28D42D3C46C7AB00DD /* XCRemoteSwiftPackageReference "feedback-kit" */ = {
			isa = XCRemoteSwiftPackageReference;
			repositoryURL = "https://github.com/tianhaoz95/feedback-kit";
			requirement = {
				branch = main;
				kind = branch;
			};
		};
/* End XCRemoteSwiftPackageReference section */

/* Begin XCSwiftPackageProductDependency section */
		2040CA9F4A672DFAAEAC0B47 /* WhisperKit */ = {
			isa = XCSwiftPackageProductDependency;
			package = 5FA083E011276BDBA1332C19 /* XCRemoteSwiftPackageReference "argmax-oss-swift" */;
			productName = WhisperKit;
		};
		229AFE98228CC08425BD323C /* WhisperKit */ = {
			isa = XCSwiftPackageProductDependency;
			package = 5FA083E011276BDBA1332C19 /* XCRemoteSwiftPackageReference "argmax-oss-swift" */;
			productName = WhisperKit;
		};
		5217B63305D7FA96D559DE40 /* MLXLLM */ = {
			isa = XCSwiftPackageProductDependency;
			package = 2154F9A9B7BCA54BFB72DC64 /* XCRemoteSwiftPackageReference "mlx-swift-examples" */;
			productName = MLXLLM;
		};
		6B9699D1165BEDA06BDDC1BA /* FeedbackKit */ = {
			isa = XCSwiftPackageProductDependency;
			package = DAF76B28D42D3C46C7AB00DD /* XCRemoteSwiftPackageReference "feedback-kit" */;
			productName = FeedbackKit;
		};
		C3592D6161DC5A9969A5B66F /* FeedbackKit */ = {
			isa = XCSwiftPackageProductDependency;
			package = DAF76B28D42D3C46C7AB00DD /* XCRemoteSwiftPackageReference "feedback-kit" */;
			productName = FeedbackKit;
		};
		C6628A2DEF8598CD4850817D /* MLXLMCommon */ = {
			isa = XCSwiftPackageProductDependency;
			package = 2154F9A9B7BCA54BFB72DC64 /* XCRemoteSwiftPackageReference "mlx-swift-examples" */;
			productName = MLXLMCommon;
		};
		F12B540EED6866922E9E23CF /* MLXLLM */ = {
			isa = XCSwiftPackageProductDependency;
			package = 2154F9A9B7BCA54BFB72DC64 /* XCRemoteSwiftPackageReference "mlx-swift-examples" */;
			productName = MLXLLM;
		};
		FE66E50CF58B0A68756AB6D7 /* MLXLMCommon */ = {
			isa = XCSwiftPackageProductDependency;
			package = 2154F9A9B7BCA54BFB72DC64 /* XCRemoteSwiftPackageReference "mlx-swift-examples" */;
			productName = MLXLMCommon;
		};
/* End XCSwiftPackageProductDependency section */
	};
	rootObject = C7BA46F9711F1D39443D0410 /* Project object */;
}
